// !$*UTF8*$!
{
	archiveVersion = 1;
	classes = {
	};
	objectVersion = 50;
	objects = {

/* Begin PBXBuildFile section */
		D2F9820421AA469C00FFADAF /* 12类模板的应用-数组类封装.cpp in Sources */ = {isa = PBXBuildFile; fileRef = D2F9820321AA469C00FFADAF /* 12类模板的应用-数组类封装.cpp */; };
/* End PBXBuildFile section */

/* Begin PBXCopyFilesBuildPhase section */
		D2F981DE21A99FD400FFADAF /* CopyFiles */ = {
			isa = PBXCopyFilesBuildPhase;
			buildActionMask = 2147483647;
			dstPath = /usr/share/man/man1/;
			dstSubfolderSpec = 0;
			files = (
			);
			runOnlyForDeploymentPostprocessing = 1;
		};
/* End PBXCopyFilesBuildPhase section */

/* Begin PBXFileReference section */
		D2F981E021A99FD400FFADAF /* 08 */ = {isa = PBXFileReference; explicitFileType = "compiled.mach-o.executable"; includeInIndex = 0; path = 08; sourceTree = BUILT_PRODUCTS_DIR; };
		D2F981EA21A9A03600FFADAF /* 01函数模板的基本使用.cpp */ = {isa = PBXFileReference; lastKnownFileType = sourcecode.cpp.cpp; path = "01函数模板的基本使用.cpp"; sourceTree = "<group>"; };
		D2F981EC21A9A2DA00FFADAF /* 02利用模板实现char和int的数组排序.cpp */ = {isa = PBXFileReference; lastKnownFileType = sourcecode.cpp.cpp; path = "02利用模板实现char和int的数组排序.cpp"; sourceTree = "<group>"; };
		D2F981EE21A9A58200FFADAF /* 03函数模板与普通函数的区别以及调用规则.cpp */ = {isa = PBXFileReference; lastKnownFileType = sourcecode.cpp.cpp; path = "03函数模板与普通函数的区别以及调用规则.cpp"; sourceTree = "<group>"; };
		D2F981F021A9A95200FFADAF /* 04模板的局限性以及解决.cpp */ = {isa = PBXFileReference; lastKnownFileType = sourcecode.cpp.cpp; path = "04模板的局限性以及解决.cpp"; sourceTree = "<group>"; };
		D2F981F221A9AB2100FFADAF /* 05类模板的基本使用.cpp */ = {isa = PBXFileReference; lastKnownFileType = sourcecode.cpp.cpp; path = "05类模板的基本使用.cpp"; sourceTree = "<group>"; };
		D2F981F421AA38D100FFADAF /* 06类模板做函数的参数.cpp */ = {isa = PBXFileReference; lastKnownFileType = sourcecode.cpp.cpp; path = "06类模板做函数的参数.cpp"; sourceTree = "<group>"; };
		D2F981F621AA3BAC00FFADAF /* 07类模板碰到继承的问题.cpp */ = {isa = PBXFileReference; lastKnownFileType = sourcecode.cpp.cpp; path = "07类模板碰到继承的问题.cpp"; sourceTree = "<group>"; };
		D2F981F821AA3D8C00FFADAF /* 08类模板类外实现成员函数.cpp */ = {isa = PBXFileReference; lastKnownFileType = sourcecode.cpp.cpp; path = "08类模板类外实现成员函数.cpp"; sourceTree = "<group>"; };
		D2F981FA21AA402C00FFADAF /* 09类模板的分文件编写问题以及解决.cpp */ = {isa = PBXFileReference; lastKnownFileType = sourcecode.cpp.cpp; path = "09类模板的分文件编写问题以及解决.cpp"; sourceTree = "<group>"; };
		D2F981FD21AA405600FFADAF /* Person.hpp */ = {isa = PBXFileReference; lastKnownFileType = sourcecode.cpp.h; path = Person.hpp; sourceTree = "<group>"; };
		D2F981FF21AA422200FFADAF /* 10类模板碰到了友元函数-类内实现.cpp */ = {isa = PBXFileReference; lastKnownFileType = sourcecode.cpp.cpp; path = "10类模板碰到了友元函数-类内实现.cpp"; sourceTree = "<group>"; };
		D2F9820121AA432300FFADAF /* 11类模板碰到友元函数-类外实现.cpp */ = {isa = PBXFileReference; lastKnownFileType = sourcecode.cpp.cpp; path = "11类模板碰到友元函数-类外实现.cpp"; sourceTree = "<group>"; };
		D2F9820321AA469C00FFADAF /* 12类模板的应用-数组类封装.cpp */ = {isa = PBXFileReference; lastKnownFileType = sourcecode.cpp.cpp; path = "12类模板的应用-数组类封装.cpp"; sourceTree = "<group>"; };
		D2F9820621AA46BA00FFADAF /* MyArray.hpp */ = {isa = PBXFileReference; lastKnownFileType = sourcecode.cpp.h; path = MyArray.hpp; sourceTree = "<group>"; };
/* End PBXFileReference section */

/* Begin PBXFrameworksBuildPhase section */
		D2F981DD21A99FD400FFADAF /* Frameworks */ = {
			isa = PBXFrameworksBuildPhase;
			buildActionMask = 2147483647;
			files = (
			);
			runOnlyForDeploymentPostprocessing = 0;
		};
/* End PBXFrameworksBuildPhase section */

/* Begin PBXGroup section */
		D2F981D721A99FD400FFADAF = {
			isa = PBXGroup;
			children = (
				D2F981E221A99FD400FFADAF /* 08 */,
				D2F981E121A99FD400FFADAF /* Products */,
			);
			sourceTree = "<group>";
		};
		D2F981E121A99FD400FFADAF /* Products */ = {
			isa = PBXGroup;
			children = (
				D2F981E021A99FD400FFADAF /* 08 */,
			);
			name = Products;
			sourceTree = "<group>";
		};
		D2F981E221A99FD400FFADAF /* 08 */ = {
			isa = PBXGroup;
			children = (
				D2F981EA21A9A03600FFADAF /* 01函数模板的基本使用.cpp */,
				D2F981EC21A9A2DA00FFADAF /* 02利用模板实现char和int的数组排序.cpp */,
				D2F981EE21A9A58200FFADAF /* 03函数模板与普通函数的区别以及调用规则.cpp */,
				D2F981F021A9A95200FFADAF /* 04模板的局限性以及解决.cpp */,
				D2F981F221A9AB2100FFADAF /* 05类模板的基本使用.cpp */,
				D2F981F421AA38D100FFADAF /* 06类模板做函数的参数.cpp */,
				D2F981F621AA3BAC00FFADAF /* 07类模板碰到继承的问题.cpp */,
				D2F981F821AA3D8C00FFADAF /* 08类模板类外实现成员函数.cpp */,
				D2F981FA21AA402C00FFADAF /* 09类模板的分文件编写问题以及解决.cpp */,
				D2F981FD21AA405600FFADAF /* Person.hpp */,
				D2F981FF21AA422200FFADAF /* 10类模板碰到了友元函数-类内实现.cpp */,
				D2F9820121AA432300FFADAF /* 11类模板碰到友元函数-类外实现.cpp */,
				D2F9820321AA469C00FFADAF /* 12类模板的应用-数组类封装.cpp */,
				D2F9820621AA46BA00FFADAF /* MyArray.hpp */,
			);
			path = 08;
			sourceTree = "<group>";
		};
/* End PBXGroup section */

/* Begin PBXNativeTarget section */
		D2F981DF21A99FD400FFADAF /* 08 */ = {
			isa = PBXNativeTarget;
			buildConfigurationList = D2F981E721A99FD400FFADAF /* Build configuration list for PBXNativeTarget "08" */;
			buildPhases = (
				D2F981DC21A99FD400FFADAF /* Sources */,
				D2F981DD21A99FD400FFADAF /* Frameworks */,
				D2F981DE21A99FD400FFADAF /* CopyFiles */,
			);
			buildRules = (
			);
			dependencies = (
			);
			name = 08;
			productName = 08;
			productReference = D2F981E021A99FD400FFADAF /* 08 */;
			productType = "com.apple.product-type.tool";
		};
/* End PBXNativeTarget section */

/* Begin PBXProject section */
		D2F981D821A99FD400FFADAF /* Project object */ = {
			isa = PBXProject;
			attributes = {
				LastUpgradeCheck = 1010;
				ORGANIZATIONNAME = xiaoyuan;
				TargetAttributes = {
					D2F981DF21A99FD400FFADAF = {
						CreatedOnToolsVersion = 10.1;
					};
				};
			};
			buildConfigurationList = D2F981DB21A99FD400FFADAF /* Build configuration list for PBXProject "08" */;
			compatibilityVersion = "Xcode 9.3";
			developmentRegion = en;
			hasScannedForEncodings = 0;
			knownRegions = (
				en,
			);
			mainGroup = D2F981D721A99FD400FFADAF;
			productRefGroup = D2F981E121A99FD400FFADAF /* Products */;
			projectDirPath = "";
			projectRoot = "";
			targets = (
				D2F981DF21A99FD400FFADAF /* 08 */,
			);
		};
/* End PBXProject section */

/* Begin PBXSourcesBuildPhase section */
		D2F981DC21A99FD400FFADAF /* Sources */ = {
			isa = PBXSourcesBuildPhase;
			buildActionMask = 2147483647;
			files = (
				D2F9820421AA469C00FFADAF /* 12类模板的应用-数组类封装.cpp in Sources */,
			);
			runOnlyForDeploymentPostprocessing = 0;
		};
/* End PBXSourcesBuildPhase section */

/* Begin XCBuildConfiguration section */
		D2F981E521A99FD400FFADAF /* Debug */ = {
			isa = XCBuildConfiguration;
			buildSettings = {
				ALWAYS_SEARCH_USER_PATHS = NO;
				CLANG_ANALYZER_NONNULL = YES;
				CLANG_ANALYZER_NUMBER_OBJECT_CONVERSION = YES_AGGRESSIVE;
				CLANG_CXX_LANGUAGE_STANDARD = "gnu++14";
				CLANG_CXX_LIBRARY = "libc++";
				CLANG_ENABLE_MODULES = YES;
				CLANG_ENABLE_OBJC_ARC = YES;
				CLANG_ENABLE_OBJC_WEAK = YES;
				CLANG_WARN_BLOCK_CAPTURE_AUTORELEASING = YES;
				CLANG_WARN_BOOL_CONVERSION = YES;
				CLANG_WARN_COMMA = YES;
				CLANG_WARN_CONSTANT_CONVERSION = YES;
				CLANG_WARN_DEPRECATED_OBJC_IMPLEMENTATIONS = YES;
				CLANG_WARN_DIRECT_OBJC_ISA_USAGE = YES_ERROR;
				CLANG_WARN_DOCUMENTATION_COMMENTS = YES;
				CLANG_WARN_EMPTY_BODY = YES;
				CLANG_WARN_ENUM_CONVERSION = YES;
				CLANG_WARN_INFINITE_RECURSION = YES;
				CLANG_WARN_INT_CONVERSION = YES;
				CLANG_WARN_NON_LITERAL_NULL_CONVERSION = YES;
				CLANG_WARN_OBJC_IMPLICIT_RETAIN_SELF = YES;
				CLANG_WARN_OBJC_LITERAL_CONVERSION = YES;
				CLANG_WARN_OBJC_ROOT_CLASS = YES_ERROR;
				CLANG_WARN_RANGE_LOOP_ANALYSIS = YES;
				CLANG_WARN_STRICT_PROTOTYPES = YES;
				CLANG_WARN_SUSPICIOUS_MOVE = YES;
				CLANG_WARN_UNGUARDED_AVAILABILITY = YES_AGGRESSIVE;
				CLANG_WARN_UNREACHABLE_CODE = YES;
				CLANG_WARN__DUPLICATE_METHOD_MATCH = YES;
				CODE_SIGN_IDENTITY = "-";
				COPY_PHASE_STRIP = NO;
				DEBUG_INFORMATION_FORMAT = dwarf;
				ENABLE_STRICT_OBJC_MSGSEND = YES;
				ENABLE_TESTABILITY = YES;
				GCC_C_LANGUAGE_STANDARD = gnu11;
				GCC_DYNAMIC_NO_PIC = NO;
				GCC_NO_COMMON_BLOCKS = YES;
				GCC_OPTIMIZATION_LEVEL = 0;
				GCC_PREPROCESSOR_DEFINITIONS = (
					"DEBUG=1",
					"$(inherited)",
				);
				GCC_WARN_64_TO_32_BIT_CONVERSION = YES;
				GCC_WARN_ABOUT_RETURN_TYPE = YES_ERROR;
				GCC_WARN_UNDECLARED_SELECTOR = YES;
				GCC_WARN_UNINITIALIZED_AUTOS = YES_AGGRESSIVE;
				GCC_WARN_UNUSED_FUNCTION = YES;
				GCC_WARN_UNUSED_VARIABLE = YES;
				MACOSX_DEPLOYMENT_TARGET = 10.14;
				MTL_ENABLE_DEBUG_INFO = INCLUDE_SOURCE;
				MTL_FAST_MATH = YES;
				ONLY_ACTIVE_ARCH = YES;
				SDKROOT = macosx;
			};
			name = Debug;
		};
		D2F981E621A99FD400FFADAF /* Release */ = {
			isa = XCBuildConfiguration;
			buildSettings = {
				ALWAYS_SEARCH_USER_PATHS = NO;
				CLANG_ANALYZER_NONNULL = YES;
				CLANG_ANALYZER_NUMBER_OBJECT_CONVERSION = YES_AGGRESSIVE;
				CLANG_CXX_LANGUAGE_STANDARD = "gnu++14";
				CLANG_CXX_LIBRARY = "libc++";
				CLANG_ENABLE_MODULES = YES;
				CLANG_ENABLE_OBJC_ARC = YES;
				CLANG_ENABLE_OBJC_WEAK = YES;
				CLANG_WARN_BLOCK_CAPTURE_AUTORELEASING = YES;
				CLANG_WARN_BOOL_CONVERSION = YES;
				CLANG_WARN_COMMA = YES;
				CLANG_WARN_CONSTANT_CONVERSION = YES;
				CLANG_WARN_DEPRECATED_OBJC_IMPLEMENTATIONS = YES;
				CLANG_WARN_DIRECT_OBJC_ISA_USAGE = YES_ERROR;
				CLANG_WARN_DOCUMENTATION_COMMENTS = YES;
				CLANG_WARN_EMPTY_BODY = YES;
				CLANG_WARN_ENUM_CONVERSION = YES;
				CLANG_WARN_INFINITE_RECURSION = YES;
				CLANG_WARN_INT_CONVERSION = YES;
				CLANG_WARN_NON_LITERAL_NULL_CONVERSION = YES;
				CLANG_WARN_OBJC_IMPLICIT_RETAIN_SELF = YES;
				CLANG_WARN_OBJC_LITERAL_CONVERSION = YES;
				CLANG_WARN_OBJC_ROOT_CLASS = YES_ERROR;
				CLANG_WARN_RANGE_LOOP_ANALYSIS = YES;
				CLANG_WARN_STRICT_PROTOTYPES = YES;
				CLANG_WARN_SUSPICIOUS_MOVE = YES;
				CLANG_WARN_UNGUARDED_AVAILABILITY = YES_AGGRESSIVE;
				CLANG_WARN_UNREACHABLE_CODE = YES;
				CLANG_WARN__DUPLICATE_METHOD_MATCH = YES;
				CODE_SIGN_IDENTITY = "-";
				COPY_PHASE_STRIP = NO;
				DEBUG_INFORMATION_FORMAT = "dwarf-with-dsym";
				ENABLE_NS_ASSERTIONS = NO;
				ENABLE_STRICT_OBJC_MSGSEND = YES;
				GCC_C_LANGUAGE_STANDARD = gnu11;
				GCC_NO_COMMON_BLOCKS = YES;
				GCC_WARN_64_TO_32_BIT_CONVERSION = YES;
				GCC_WARN_ABOUT_RETURN_TYPE = YES_ERROR;
				GCC_WARN_UNDECLARED_SELECTOR = YES;
				GCC_WARN_UNINITIALIZED_AUTOS = YES_AGGRESSIVE;
				GCC_WARN_UNUSED_FUNCTION = YES;
				GCC_WARN_UNUSED_VARIABLE = YES;
				MACOSX_DEPLOYMENT_TARGET = 10.14;
				MTL_ENABLE_DEBUG_INFO = NO;
				MTL_FAST_MATH = YES;
				SDKROOT = macosx;
			};
			name = Release;
		};
		D2F981E821A99FD400FFADAF /* Debug */ = {
			isa = XCBuildConfiguration;
			buildSettings = {
				CODE_SIGN_STYLE = Automatic;
				PRODUCT_NAME = "$(TARGET_NAME)";
			};
			name = Debug;
		};
		D2F981E921A99FD400FFADAF /* Release */ = {
			isa = XCBuildConfiguration;
			buildSettings = {
				CODE_SIGN_STYLE = Automatic;
				PRODUCT_NAME = "$(TARGET_NAME)";
			};
			name = Release;
		};
/* End XCBuildConfiguration section */

/* Begin XCConfigurationList section */
		D2F981DB21A99FD400FFADAF /* Build configuration list for PBXProject "08" */ = {
			isa = XCConfigurationList;
			buildConfigurations = (
				D2F981E521A99FD400FFADAF /* Debug */,
				D2F981E621A99FD400FFADAF /* Release */,
			);
			defaultConfigurationIsVisible = 0;
			defaultConfigurationName = Release;
		};
		D2F981E721A99FD400FFADAF /* Build configuration list for PBXNativeTarget "08" */ = {
			isa = XCConfigurationList;
			buildConfigurations = (
				D2F981E821A99FD400FFADAF /* Debug */,
				D2F981E921A99FD400FFADAF /* Release */,
			);
			defaultConfigurationIsVisible = 0;
			defaultConfigurationName = Release;
		};
/* End XCConfigurationList section */
	};
	rootObject = D2F981D821A99FD400FFADAF /* Project object */;
}
