// !$*UTF8*$!
{
	archiveVersion = 1;
	classes = {
	};
	objectVersion = 50;
	objects = {

/* Begin PBXBuildFile section */
		D0551164219C092C009A68BF /* LinkList.c in Sources */ = {isa = PBXBuildFile; fileRef = D055113B219C092C009A68BF /* LinkList.c */; };
		D055117B219C092C009A68BF /* ConfigFile.c in Sources */ = {isa = PBXBuildFile; fileRef = D0551158219C092C009A68BF /* ConfigFile.c */; };
		D0551180219C092C009A68BF /* MyDylib.c in Sources */ = {isa = PBXBuildFile; fileRef = D055115E219C092C009A68BF /* MyDylib.c */; };
		D0551184219C09C7009A68BF /* 28面向接口编程.cpp in Sources */ = {isa = PBXBuildFile; fileRef = D055114E219C092C009A68BF /* 28面向接口编程.cpp */; };
		D0551185219C09EE009A68BF /* MyDylib.h in Headers */ = {isa = PBXBuildFile; fileRef = D0551140219C092C009A68BF /* MyDylib.h */; settings = {ATTRIBUTES = (Public, ); }; };
		D0551187219C0A1B009A68BF /* libMyDylib.dylib in Frameworks */ = {isa = PBXBuildFile; fileRef = D0551124219BC2EF009A68BF /* libMyDylib.dylib */; };
		D0551188219C0A1B009A68BF /* libMyLib.a in Frameworks */ = {isa = PBXBuildFile; fileRef = D0551112219BBBF8009A68BF /* libMyLib.a */; };
		D0551189219C0A43009A68BF /* MyLib.c in Sources */ = {isa = PBXBuildFile; fileRef = D055114C219C092C009A68BF /* MyLib.c */; };
		D055118A219C0A50009A68BF /* MyLib.h in Headers */ = {isa = PBXBuildFile; fileRef = D0551139219C092C009A68BF /* MyLib.h */; settings = {ATTRIBUTES = (Public, ); }; };
		D055118B219C0A7B009A68BF /* MyDylib.c in Sources */ = {isa = PBXBuildFile; fileRef = D055115E219C092C009A68BF /* MyDylib.c */; };
		D055118C219C0A96009A68BF /* CSocketImp1.c in Sources */ = {isa = PBXBuildFile; fileRef = D055113F219C092C009A68BF /* CSocketImp1.c */; };
/* End PBXBuildFile section */

/* Begin PBXCopyFilesBuildPhase section */
		D03941E2218B047800347955 /* CopyFiles */ = {
			isa = PBXCopyFilesBuildPhase;
			buildActionMask = 2147483647;
			dstPath = /usr/share/man/man1/;
			dstSubfolderSpec = 0;
			files = (
			);
			runOnlyForDeploymentPostprocessing = 1;
		};
/* End PBXCopyFilesBuildPhase section */

/* Begin PBXFileReference section */
		D03941E4218B047800347955 /* StudyC++ */ = {isa = PBXFileReference; explicitFileType = "compiled.mach-o.executable"; includeInIndex = 0; path = "StudyC++"; sourceTree = BUILT_PRODUCTS_DIR; };
		D0551112219BBBF8009A68BF /* libMyLib.a */ = {isa = PBXFileReference; explicitFileType = archive.ar; includeInIndex = 0; path = libMyLib.a; sourceTree = BUILT_PRODUCTS_DIR; };
		D0551124219BC2EF009A68BF /* libMyDylib.dylib */ = {isa = PBXFileReference; explicitFileType = "compiled.mach-o.dylib"; includeInIndex = 0; path = libMyDylib.dylib; sourceTree = BUILT_PRODUCTS_DIR; };
		D0551137219C092C009A68BF /* 18文件操作复习.cpp */ = {isa = PBXFileReference; fileEncoding = 4; lastKnownFileType = sourcecode.cpp.cpp; path = "18文件操作复习.cpp"; sourceTree = "<group>"; };
		D0551138219C092C009A68BF /* 18text.txt */ = {isa = PBXFileReference; fileEncoding = 4; lastKnownFileType = text; path = 18text.txt; sourceTree = "<group>"; };
		D0551139219C092C009A68BF /* MyLib.h */ = {isa = PBXFileReference; fileEncoding = 4; lastKnownFileType = sourcecode.c.h; path = MyLib.h; sourceTree = "<group>"; };
		D055113A219C092C009A68BF /* 21函数指针做函数参数.cpp */ = {isa = PBXFileReference; fileEncoding = 4; lastKnownFileType = sourcecode.cpp.cpp; path = "21函数指针做函数参数.cpp"; sourceTree = "<group>"; };
		D055113B219C092C009A68BF /* LinkList.c */ = {isa = PBXFileReference; fileEncoding = 4; lastKnownFileType = sourcecode.c.c; path = LinkList.c; sourceTree = "<group>"; };
		D055113C219C092C009A68BF /* 02 strcpy、strncpy与memcpy的区别与使用方法.h */ = {isa = PBXFileReference; fileEncoding = 4; lastKnownFileType = sourcecode.c.h; path = "02 strcpy、strncpy与memcpy的区别与使用方法.h"; sourceTree = "<group>"; };
		D055113D219C092C009A68BF /* 01main1.cpp */ = {isa = PBXFileReference; fileEncoding = 4; lastKnownFileType = sourcecode.cpp.cpp; path = 01main1.cpp; sourceTree = "<group>"; };
		D055113E219C092C009A68BF /* 05Const的使用.cpp */ = {isa = PBXFileReference; fileEncoding = 4; lastKnownFileType = sourcecode.cpp.cpp; path = "05Const的使用.cpp"; sourceTree = "<group>"; };
		D055113F219C092C009A68BF /* CSocketImp1.c */ = {isa = PBXFileReference; fileEncoding = 4; lastKnownFileType = sourcecode.c.c; path = CSocketImp1.c; sourceTree = "<group>"; };
		D0551140219C092C009A68BF /* MyDylib.h */ = {isa = PBXFileReference; fileEncoding = 4; lastKnownFileType = sourcecode.c.h; path = MyDylib.h; sourceTree = "<group>"; };
		D0551141219C092C009A68BF /* 23静态链表.cpp */ = {isa = PBXFileReference; fileEncoding = 4; lastKnownFileType = sourcecode.cpp.cpp; path = "23静态链表.cpp"; sourceTree = "<group>"; };
		D0551142219C092C009A68BF /* 08查找子字符串.cpp */ = {isa = PBXFileReference; fileEncoding = 4; lastKnownFileType = sourcecode.cpp.cpp; path = "08查找子字符串.cpp"; sourceTree = "<group>"; };
		D0551143219C092C009A68BF /* 14结构体赋值.cpp */ = {isa = PBXFileReference; fileEncoding = 4; lastKnownFileType = sourcecode.cpp.cpp; path = "14结构体赋值.cpp"; sourceTree = "<group>"; };
		D0551144219C092C009A68BF /* 19config.ini */ = {isa = PBXFileReference; fileEncoding = 4; lastKnownFileType = text; path = 19config.ini; sourceTree = "<group>"; };
		D0551145219C092C009A68BF /* 13结构体的基本概念.cpp */ = {isa = PBXFileReference; fileEncoding = 4; lastKnownFileType = sourcecode.cpp.cpp; path = "13结构体的基本概念.cpp"; sourceTree = "<group>"; };
		D0551146219C092C009A68BF /* ConfigFile.h */ = {isa = PBXFileReference; fileEncoding = 4; lastKnownFileType = sourcecode.c.h; path = ConfigFile.h; sourceTree = "<group>"; };
		D0551147219C092C009A68BF /* 26静态库使用.cpp */ = {isa = PBXFileReference; fileEncoding = 4; lastKnownFileType = sourcecode.cpp.cpp; path = "26静态库使用.cpp"; sourceTree = "<group>"; };
		D0551148219C092C009A68BF /* 10一维数组.cpp */ = {isa = PBXFileReference; fileEncoding = 4; lastKnownFileType = sourcecode.cpp.cpp; path = "10一维数组.cpp"; sourceTree = "<group>"; };
		D0551149219C092C009A68BF /* 12指针数组排序_选择排序.cpp */ = {isa = PBXFileReference; fileEncoding = 4; lastKnownFileType = sourcecode.cpp.cpp; path = "12指针数组排序_选择排序.cpp"; sourceTree = "<group>"; };
		D055114A219C092C009A68BF /* 04指针的步长.cpp */ = {isa = PBXFileReference; fileEncoding = 4; lastKnownFileType = sourcecode.cpp.cpp; path = "04指针的步长.cpp"; sourceTree = "<group>"; };
		D055114B219C092C009A68BF /* 09二级指针练习_文件读写.cpp */ = {isa = PBXFileReference; fileEncoding = 4; lastKnownFileType = sourcecode.cpp.cpp; path = "09二级指针练习_文件读写.cpp"; sourceTree = "<group>"; };
		D055114C219C092C009A68BF /* MyLib.c */ = {isa = PBXFileReference; fileEncoding = 4; lastKnownFileType = sourcecode.c.c; path = MyLib.c; sourceTree = "<group>"; };
		D055114D219C092C009A68BF /* 27递归函数实现字符串反转.cpp */ = {isa = PBXFileReference; fileEncoding = 4; lastKnownFileType = sourcecode.cpp.cpp; path = "27递归函数实现字符串反转.cpp"; sourceTree = "<group>"; };
		D055114E219C092C009A68BF /* 28面向接口编程.cpp */ = {isa = PBXFileReference; fileEncoding = 4; lastKnownFileType = sourcecode.cpp.cpp; path = "28面向接口编程.cpp"; sourceTree = "<group>"; };
		D055114F219C092C009A68BF /* 15结构体嵌套一级指针.cpp */ = {isa = PBXFileReference; fileEncoding = 4; lastKnownFileType = sourcecode.cpp.cpp; path = "15结构体嵌套一级指针.cpp"; sourceTree = "<group>"; };
		D0551150219C092C009A68BF /* 24链表的初始化及增删改查.cpp */ = {isa = PBXFileReference; fileEncoding = 4; lastKnownFileType = sourcecode.cpp.cpp; path = "24链表的初始化及增删改查.cpp"; sourceTree = "<group>"; };
		D0551151219C092C009A68BF /* 02格式化字符串.cpp */ = {isa = PBXFileReference; fileEncoding = 4; lastKnownFileType = sourcecode.cpp.cpp; path = "02格式化字符串.cpp"; sourceTree = "<group>"; };
		D0551152219C092C009A68BF /* 06二级指针做函数参数_输出特性.cpp */ = {isa = PBXFileReference; fileEncoding = 4; lastKnownFileType = sourcecode.cpp.cpp; path = "06二级指针做函数参数_输出特性.cpp"; sourceTree = "<group>"; };
		D0551153219C092C009A68BF /* CSocketImp1.h */ = {isa = PBXFileReference; fileEncoding = 4; lastKnownFileType = sourcecode.c.h; path = CSocketImp1.h; sourceTree = "<group>"; };
		D0551154219C092C009A68BF /* 26动态库使用.cpp */ = {isa = PBXFileReference; fileEncoding = 4; lastKnownFileType = sourcecode.cpp.cpp; path = "26动态库使用.cpp"; sourceTree = "<group>"; };
		D0551155219C092C009A68BF /* 20函数指针.cpp */ = {isa = PBXFileReference; fileEncoding = 4; lastKnownFileType = sourcecode.cpp.cpp; path = "20函数指针.cpp"; sourceTree = "<group>"; };
		D0551156219C092C009A68BF /* LinkList.h */ = {isa = PBXFileReference; fileEncoding = 4; lastKnownFileType = sourcecode.c.h; path = LinkList.h; sourceTree = "<group>"; };
		D0551157219C092C009A68BF /* 03calloc&realloc.cpp */ = {isa = PBXFileReference; fileEncoding = 4; lastKnownFileType = sourcecode.cpp.cpp; path = "03calloc&realloc.cpp"; sourceTree = "<group>"; };
		D0551158219C092C009A68BF /* ConfigFile.c */ = {isa = PBXFileReference; fileEncoding = 4; lastKnownFileType = sourcecode.c.c; path = ConfigFile.c; sourceTree = "<group>"; };
		D0551159219C092C009A68BF /* test.txt */ = {isa = PBXFileReference; fileEncoding = 4; lastKnownFileType = text; path = test.txt; sourceTree = "<group>"; };
		D055115A219C092C009A68BF /* 19配置文件解析封装.cpp */ = {isa = PBXFileReference; fileEncoding = 4; lastKnownFileType = sourcecode.cpp.cpp; path = "19配置文件解析封装.cpp"; sourceTree = "<group>"; };
		D055115B219C092C009A68BF /* 11二维数组.cpp */ = {isa = PBXFileReference; fileEncoding = 4; lastKnownFileType = sourcecode.cpp.cpp; path = "11二维数组.cpp"; sourceTree = "<group>"; };
		D055115C219C092C009A68BF /* 16结构体嵌套二级指针.cpp */ = {isa = PBXFileReference; fileEncoding = 4; lastKnownFileType = sourcecode.cpp.cpp; path = "16结构体嵌套二级指针.cpp"; sourceTree = "<group>"; };
		D055115D219C092C009A68BF /* 17结构体偏移量.cpp */ = {isa = PBXFileReference; fileEncoding = 4; lastKnownFileType = sourcecode.cpp.cpp; path = "17结构体偏移量.cpp"; sourceTree = "<group>"; };
		D055115E219C092C009A68BF /* MyDylib.c */ = {isa = PBXFileReference; fileEncoding = 4; lastKnownFileType = sourcecode.c.c; path = MyDylib.c; sourceTree = "<group>"; };
		D055115F219C092C009A68BF /* 22链表的基本概念.cpp */ = {isa = PBXFileReference; fileEncoding = 4; lastKnownFileType = sourcecode.cpp.cpp; path = "22链表的基本概念.cpp"; sourceTree = "<group>"; };
		D0551160219C092C009A68BF /* 25排序算法.cpp */ = {isa = PBXFileReference; fileEncoding = 4; lastKnownFileType = sourcecode.cpp.cpp; path = "25排序算法.cpp"; sourceTree = "<group>"; };
		D0551161219C092C009A68BF /* 07二级指针做函数参数_输入特性.cpp */ = {isa = PBXFileReference; fileEncoding = 4; lastKnownFileType = sourcecode.cpp.cpp; path = "07二级指针做函数参数_输入特性.cpp"; sourceTree = "<group>"; };
/* End PBXFileReference section */

/* Begin PBXFrameworksBuildPhase section */
		D03941E1218B047800347955 /* Frameworks */ = {
			isa = PBXFrameworksBuildPhase;
			buildActionMask = 2147483647;
			files = (
				D0551187219C0A1B009A68BF /* libMyDylib.dylib in Frameworks */,
				D0551188219C0A1B009A68BF /* libMyLib.a in Frameworks */,
			);
			runOnlyForDeploymentPostprocessing = 0;
		};
		D0551110219BBBF8009A68BF /* Frameworks */ = {
			isa = PBXFrameworksBuildPhase;
			buildActionMask = 2147483647;
			files = (
			);
			runOnlyForDeploymentPostprocessing = 0;
		};
		D0551122219BC2EF009A68BF /* Frameworks */ = {
			isa = PBXFrameworksBuildPhase;
			buildActionMask = 2147483647;
			files = (
			);
			runOnlyForDeploymentPostprocessing = 0;
		};
/* End PBXFrameworksBuildPhase section */

/* Begin PBXGroup section */
		D03941DB218B047800347955 = {
			isa = PBXGroup;
			children = (
				D03941E6218B047800347955 /* StudyC++ */,
				D03941E5218B047800347955 /* Products */,
				D055111B219BBE28009A68BF /* Frameworks */,
			);
			sourceTree = "<group>";
		};
		D03941E5218B047800347955 /* Products */ = {
			isa = PBXGroup;
			children = (
				D03941E4218B047800347955 /* StudyC++ */,
				D0551112219BBBF8009A68BF /* libMyLib.a */,
				D0551124219BC2EF009A68BF /* libMyDylib.dylib */,
			);
			name = Products;
			sourceTree = "<group>";
		};
		D03941E6218B047800347955 /* StudyC++ */ = {
			isa = PBXGroup;
			children = (
				D0551136219C092C009A68BF /* 1C基础 */,
				D0551135219C08FF009A68BF /* 2数据结构 */,
			);
			path = "StudyC++";
			sourceTree = "<group>";
		};
		D055111B219BBE28009A68BF /* Frameworks */ = {
			isa = PBXGroup;
			children = (
			);
			name = Frameworks;
			sourceTree = "<group>";
		};
		D0551135219C08FF009A68BF /* 2数据结构 */ = {
			isa = PBXGroup;
			children = (
			);
			path = "2数据结构";
			sourceTree = "<group>";
		};
		D0551136219C092C009A68BF /* 1C基础 */ = {
			isa = PBXGroup;
			children = (
				D0551137219C092C009A68BF /* 18文件操作复习.cpp */,
				D0551138219C092C009A68BF /* 18text.txt */,
				D0551139219C092C009A68BF /* MyLib.h */,
				D055113A219C092C009A68BF /* 21函数指针做函数参数.cpp */,
				D055113B219C092C009A68BF /* LinkList.c */,
				D055113C219C092C009A68BF /* 02 strcpy、strncpy与memcpy的区别与使用方法.h */,
				D055113D219C092C009A68BF /* 01main1.cpp */,
				D055113E219C092C009A68BF /* 05Const的使用.cpp */,
				D055113F219C092C009A68BF /* CSocketImp1.c */,
				D0551140219C092C009A68BF /* MyDylib.h */,
				D0551141219C092C009A68BF /* 23静态链表.cpp */,
				D0551142219C092C009A68BF /* 08查找子字符串.cpp */,
				D0551143219C092C009A68BF /* 14结构体赋值.cpp */,
				D0551144219C092C009A68BF /* 19config.ini */,
				D0551145219C092C009A68BF /* 13结构体的基本概念.cpp */,
				D0551146219C092C009A68BF /* ConfigFile.h */,
				D0551147219C092C009A68BF /* 26静态库使用.cpp */,
				D0551148219C092C009A68BF /* 10一维数组.cpp */,
				D0551149219C092C009A68BF /* 12指针数组排序_选择排序.cpp */,
				D055114A219C092C009A68BF /* 04指针的步长.cpp */,
				D055114B219C092C009A68BF /* 09二级指针练习_文件读写.cpp */,
				D055114C219C092C009A68BF /* MyLib.c */,
				D055114D219C092C009A68BF /* 27递归函数实现字符串反转.cpp */,
				D055114E219C092C009A68BF /* 28面向接口编程.cpp */,
				D055114F219C092C009A68BF /* 15结构体嵌套一级指针.cpp */,
				D0551150219C092C009A68BF /* 24链表的初始化及增删改查.cpp */,
				D0551151219C092C009A68BF /* 02格式化字符串.cpp */,
				D0551152219C092C009A68BF /* 06二级指针做函数参数_输出特性.cpp */,
				D0551153219C092C009A68BF /* CSocketImp1.h */,
				D0551154219C092C009A68BF /* 26动态库使用.cpp */,
				D0551155219C092C009A68BF /* 20函数指针.cpp */,
				D0551156219C092C009A68BF /* LinkList.h */,
				D0551157219C092C009A68BF /* 03calloc&realloc.cpp */,
				D0551158219C092C009A68BF /* ConfigFile.c */,
				D0551159219C092C009A68BF /* test.txt */,
				D055115A219C092C009A68BF /* 19配置文件解析封装.cpp */,
				D055115B219C092C009A68BF /* 11二维数组.cpp */,
				D055115C219C092C009A68BF /* 16结构体嵌套二级指针.cpp */,
				D055115D219C092C009A68BF /* 17结构体偏移量.cpp */,
				D055115E219C092C009A68BF /* MyDylib.c */,
				D055115F219C092C009A68BF /* 22链表的基本概念.cpp */,
				D0551160219C092C009A68BF /* 25排序算法.cpp */,
				D0551161219C092C009A68BF /* 07二级指针做函数参数_输入特性.cpp */,
			);
			path = "1C基础";
			sourceTree = "<group>";
		};
/* End PBXGroup section */

/* Begin PBXHeadersBuildPhase section */
		D055110E219BBBF8009A68BF /* Headers */ = {
			isa = PBXHeadersBuildPhase;
			buildActionMask = 2147483647;
			files = (
				D055118A219C0A50009A68BF /* MyLib.h in Headers */,
			);
			runOnlyForDeploymentPostprocessing = 0;
		};
		D0551120219BC2EF009A68BF /* Headers */ = {
			isa = PBXHeadersBuildPhase;
			buildActionMask = 2147483647;
			files = (
				D0551185219C09EE009A68BF /* MyDylib.h in Headers */,
			);
			runOnlyForDeploymentPostprocessing = 0;
		};
/* End PBXHeadersBuildPhase section */

/* Begin PBXNativeTarget section */
		D03941E3218B047800347955 /* StudyC++ */ = {
			isa = PBXNativeTarget;
			buildConfigurationList = D03941EB218B047800347955 /* Build configuration list for PBXNativeTarget "StudyC++" */;
			buildPhases = (
				D03941E0218B047800347955 /* Sources */,
				D03941E1218B047800347955 /* Frameworks */,
				D03941E2218B047800347955 /* CopyFiles */,
			);
			buildRules = (
			);
			dependencies = (
			);
			name = "StudyC++";
			productName = "StudyC++";
			productReference = D03941E4218B047800347955 /* StudyC++ */;
			productType = "com.apple.product-type.tool";
		};
		D0551111219BBBF8009A68BF /* MyLib */ = {
			isa = PBXNativeTarget;
			buildConfigurationList = D0551113219BBBF8009A68BF /* Build configuration list for PBXNativeTarget "MyLib" */;
			buildPhases = (
				D055110E219BBBF8009A68BF /* Headers */,
				D055110F219BBBF8009A68BF /* Sources */,
				D0551110219BBBF8009A68BF /* Frameworks */,
			);
			buildRules = (
			);
			dependencies = (
			);
			name = MyLib;
			productName = MyLib;
			productReference = D0551112219BBBF8009A68BF /* libMyLib.a */;
			productType = "com.apple.product-type.library.static";
		};
		D0551123219BC2EF009A68BF /* MyDylib */ = {
			isa = PBXNativeTarget;
			buildConfigurationList = D0551125219BC2EF009A68BF /* Build configuration list for PBXNativeTarget "MyDylib" */;
			buildPhases = (
				D0551120219BC2EF009A68BF /* Headers */,
				D0551121219BC2EF009A68BF /* Sources */,
				D0551122219BC2EF009A68BF /* Frameworks */,
			);
			buildRules = (
			);
			dependencies = (
			);
			name = MyDylib;
			productName = MyDylib;
			productReference = D0551124219BC2EF009A68BF /* libMyDylib.dylib */;
			productType = "com.apple.product-type.library.dynamic";
		};
/* End PBXNativeTarget section */

/* Begin PBXProject section */
		D03941DC218B047800347955 /* Project object */ = {
			isa = PBXProject;
			attributes = {
				LastUpgradeCheck = 1010;
				ORGANIZATIONNAME = xiaoyuan;
				TargetAttributes = {
					D03941E3218B047800347955 = {
						CreatedOnToolsVersion = 10.1;
					};
					D0551111219BBBF8009A68BF = {
						CreatedOnToolsVersion = 10.1;
					};
					D0551123219BC2EF009A68BF = {
						CreatedOnToolsVersion = 10.1;
					};
				};
			};
			buildConfigurationList = D03941DF218B047800347955 /* Build configuration list for PBXProject "StudyC++" */;
			compatibilityVersion = "Xcode 9.3";
			developmentRegion = en;
			hasScannedForEncodings = 0;
			knownRegions = (
				en,
			);
			mainGroup = D03941DB218B047800347955;
			productRefGroup = D03941E5218B047800347955 /* Products */;
			projectDirPath = "";
			projectRoot = "";
			targets = (
				D03941E3218B047800347955 /* StudyC++ */,
				D0551111219BBBF8009A68BF /* MyLib */,
				D0551123219BC2EF009A68BF /* MyDylib */,
			);
		};
/* End PBXProject section */

/* Begin PBXSourcesBuildPhase section */
		D03941E0218B047800347955 /* Sources */ = {
			isa = PBXSourcesBuildPhase;
			buildActionMask = 2147483647;
			files = (
				D055117B219C092C009A68BF /* ConfigFile.c in Sources */,
				D0551164219C092C009A68BF /* LinkList.c in Sources */,
				D055118C219C0A96009A68BF /* CSocketImp1.c in Sources */,
				D0551180219C092C009A68BF /* MyDylib.c in Sources */,
				D0551184219C09C7009A68BF /* 28面向接口编程.cpp in Sources */,
			);
			runOnlyForDeploymentPostprocessing = 0;
		};
		D055110F219BBBF8009A68BF /* Sources */ = {
			isa = PBXSourcesBuildPhase;
			buildActionMask = 2147483647;
			files = (
				D0551189219C0A43009A68BF /* MyLib.c in Sources */,
			);
			runOnlyForDeploymentPostprocessing = 0;
		};
		D0551121219BC2EF009A68BF /* Sources */ = {
			isa = PBXSourcesBuildPhase;
			buildActionMask = 2147483647;
			files = (
				D055118B219C0A7B009A68BF /* MyDylib.c in Sources */,
			);
			runOnlyForDeploymentPostprocessing = 0;
		};
/* End PBXSourcesBuildPhase section */

/* Begin XCBuildConfiguration section */
		D03941E9218B047800347955 /* Debug */ = {
			isa = XCBuildConfiguration;
			buildSettings = {
				ALWAYS_SEARCH_USER_PATHS = NO;
				CLANG_ANALYZER_NONNULL = YES;
				CLANG_ANALYZER_NUMBER_OBJECT_CONVERSION = YES_AGGRESSIVE;
				CLANG_CXX_LANGUAGE_STANDARD = "gnu++14";
				CLANG_CXX_LIBRARY = "libc++";
				CLANG_ENABLE_MODULES = YES;
				CLANG_ENABLE_OBJC_ARC = YES;
				CLANG_ENABLE_OBJC_WEAK = YES;
				CLANG_WARN_BLOCK_CAPTURE_AUTORELEASING = YES;
				CLANG_WARN_BOOL_CONVERSION = YES;
				CLANG_WARN_COMMA = YES;
				CLANG_WARN_CONSTANT_CONVERSION = YES;
				CLANG_WARN_DEPRECATED_OBJC_IMPLEMENTATIONS = YES;
				CLANG_WARN_DIRECT_OBJC_ISA_USAGE = YES_ERROR;
				CLANG_WARN_DOCUMENTATION_COMMENTS = YES;
				CLANG_WARN_EMPTY_BODY = YES;
				CLANG_WARN_ENUM_CONVERSION = YES;
				CLANG_WARN_INFINITE_RECURSION = YES;
				CLANG_WARN_INT_CONVERSION = YES;
				CLANG_WARN_NON_LITERAL_NULL_CONVERSION = YES;
				CLANG_WARN_OBJC_IMPLICIT_RETAIN_SELF = YES;
				CLANG_WARN_OBJC_LITERAL_CONVERSION = YES;
				CLANG_WARN_OBJC_ROOT_CLASS = YES_ERROR;
				CLANG_WARN_RANGE_LOOP_ANALYSIS = YES;
				CLANG_WARN_STRICT_PROTOTYPES = YES;
				CLANG_WARN_SUSPICIOUS_MOVE = YES;
				CLANG_WARN_UNGUARDED_AVAILABILITY = YES_AGGRESSIVE;
				CLANG_WARN_UNREACHABLE_CODE = YES;
				CLANG_WARN__DUPLICATE_METHOD_MATCH = YES;
				CODE_SIGN_IDENTITY = "Mac Developer";
				COPY_PHASE_STRIP = NO;
				DEBUG_INFORMATION_FORMAT = dwarf;
				ENABLE_STRICT_OBJC_MSGSEND = YES;
				ENABLE_TESTABILITY = YES;
				GCC_C_LANGUAGE_STANDARD = gnu11;
				GCC_DYNAMIC_NO_PIC = NO;
				GCC_NO_COMMON_BLOCKS = YES;
				GCC_OPTIMIZATION_LEVEL = 0;
				GCC_PREPROCESSOR_DEFINITIONS = (
					"DEBUG=1",
					"$(inherited)",
				);
				GCC_WARN_64_TO_32_BIT_CONVERSION = YES;
				GCC_WARN_ABOUT_RETURN_TYPE = YES_ERROR;
				GCC_WARN_UNDECLARED_SELECTOR = YES;
				GCC_WARN_UNINITIALIZED_AUTOS = YES_AGGRESSIVE;
				GCC_WARN_UNUSED_FUNCTION = YES;
				GCC_WARN_UNUSED_VARIABLE = YES;
				MACOSX_DEPLOYMENT_TARGET = 10.14;
				MTL_ENABLE_DEBUG_INFO = INCLUDE_SOURCE;
				MTL_FAST_MATH = YES;
				ONLY_ACTIVE_ARCH = YES;
				SDKROOT = macosx;
			};
			name = Debug;
		};
		D03941EA218B047800347955 /* Release */ = {
			isa = XCBuildConfiguration;
			buildSettings = {
				ALWAYS_SEARCH_USER_PATHS = NO;
				CLANG_ANALYZER_NONNULL = YES;
				CLANG_ANALYZER_NUMBER_OBJECT_CONVERSION = YES_AGGRESSIVE;
				CLANG_CXX_LANGUAGE_STANDARD = "gnu++14";
				CLANG_CXX_LIBRARY = "libc++";
				CLANG_ENABLE_MODULES = YES;
				CLANG_ENABLE_OBJC_ARC = YES;
				CLANG_ENABLE_OBJC_WEAK = YES;
				CLANG_WARN_BLOCK_CAPTURE_AUTORELEASING = YES;
				CLANG_WARN_BOOL_CONVERSION = YES;
				CLANG_WARN_COMMA = YES;
				CLANG_WARN_CONSTANT_CONVERSION = YES;
				CLANG_WARN_DEPRECATED_OBJC_IMPLEMENTATIONS = YES;
				CLANG_WARN_DIRECT_OBJC_ISA_USAGE = YES_ERROR;
				CLANG_WARN_DOCUMENTATION_COMMENTS = YES;
				CLANG_WARN_EMPTY_BODY = YES;
				CLANG_WARN_ENUM_CONVERSION = YES;
				CLANG_WARN_INFINITE_RECURSION = YES;
				CLANG_WARN_INT_CONVERSION = YES;
				CLANG_WARN_NON_LITERAL_NULL_CONVERSION = YES;
				CLANG_WARN_OBJC_IMPLICIT_RETAIN_SELF = YES;
				CLANG_WARN_OBJC_LITERAL_CONVERSION = YES;
				CLANG_WARN_OBJC_ROOT_CLASS = YES_ERROR;
				CLANG_WARN_RANGE_LOOP_ANALYSIS = YES;
				CLANG_WARN_STRICT_PROTOTYPES = YES;
				CLANG_WARN_SUSPICIOUS_MOVE = YES;
				CLANG_WARN_UNGUARDED_AVAILABILITY = YES_AGGRESSIVE;
				CLANG_WARN_UNREACHABLE_CODE = YES;
				CLANG_WARN__DUPLICATE_METHOD_MATCH = YES;
				CODE_SIGN_IDENTITY = "Mac Developer";
				COPY_PHASE_STRIP = NO;
				DEBUG_INFORMATION_FORMAT = "dwarf-with-dsym";
				ENABLE_NS_ASSERTIONS = NO;
				ENABLE_STRICT_OBJC_MSGSEND = YES;
				GCC_C_LANGUAGE_STANDARD = gnu11;
				GCC_NO_COMMON_BLOCKS = YES;
				GCC_WARN_64_TO_32_BIT_CONVERSION = YES;
				GCC_WARN_ABOUT_RETURN_TYPE = YES_ERROR;
				GCC_WARN_UNDECLARED_SELECTOR = YES;
				GCC_WARN_UNINITIALIZED_AUTOS = YES_AGGRESSIVE;
				GCC_WARN_UNUSED_FUNCTION = YES;
				GCC_WARN_UNUSED_VARIABLE = YES;
				MACOSX_DEPLOYMENT_TARGET = 10.14;
				MTL_ENABLE_DEBUG_INFO = NO;
				MTL_FAST_MATH = YES;
				SDKROOT = macosx;
			};
			name = Release;
		};
		D03941EC218B047800347955 /* Debug */ = {
			isa = XCBuildConfiguration;
			buildSettings = {
				CODE_SIGN_STYLE = Automatic;
				DEVELOPMENT_TEAM = NKW67GFDHM;
				PRODUCT_NAME = "$(TARGET_NAME)";
			};
			name = Debug;
		};
		D03941ED218B047800347955 /* Release */ = {
			isa = XCBuildConfiguration;
			buildSettings = {
				CODE_SIGN_STYLE = Automatic;
				DEVELOPMENT_TEAM = NKW67GFDHM;
				PRODUCT_NAME = "$(TARGET_NAME)";
			};
			name = Release;
		};
		D0551114219BBBF8009A68BF /* Debug */ = {
			isa = XCBuildConfiguration;
			buildSettings = {
				CODE_SIGN_STYLE = Automatic;
				DEVELOPMENT_TEAM = NKW67GFDHM;
				EXECUTABLE_PREFIX = lib;
				PRODUCT_NAME = "$(TARGET_NAME)";
				SKIP_INSTALL = YES;
			};
			name = Debug;
		};
		D0551115219BBBF8009A68BF /* Release */ = {
			isa = XCBuildConfiguration;
			buildSettings = {
				CODE_SIGN_STYLE = Automatic;
				DEVELOPMENT_TEAM = NKW67GFDHM;
				EXECUTABLE_PREFIX = lib;
				PRODUCT_NAME = "$(TARGET_NAME)";
				SKIP_INSTALL = YES;
			};
			name = Release;
		};
		D0551126219BC2EF009A68BF /* Debug */ = {
			isa = XCBuildConfiguration;
			buildSettings = {
				CODE_SIGN_STYLE = Automatic;
				DEVELOPMENT_TEAM = NKW67GFDHM;
				DYLIB_COMPATIBILITY_VERSION = 1;
				DYLIB_CURRENT_VERSION = 1;
				EXECUTABLE_PREFIX = lib;
				PRODUCT_NAME = "$(TARGET_NAME)";
				SKIP_INSTALL = YES;
			};
			name = Debug;
		};
		D0551127219BC2EF009A68BF /* Release */ = {
			isa = XCBuildConfiguration;
			buildSettings = {
				CODE_SIGN_STYLE = Automatic;
				DEVELOPMENT_TEAM = NKW67GFDHM;
				DYLIB_COMPATIBILITY_VERSION = 1;
				DYLIB_CURRENT_VERSION = 1;
				EXECUTABLE_PREFIX = lib;
				PRODUCT_NAME = "$(TARGET_NAME)";
				SKIP_INSTALL = YES;
			};
			name = Release;
		};
/* End XCBuildConfiguration section */

/* Begin XCConfigurationList section */
		D03941DF218B047800347955 /* Build configuration list for PBXProject "StudyC++" */ = {
			isa = XCConfigurationList;
			buildConfigurations = (
				D03941E9218B047800347955 /* Debug */,
				D03941EA218B047800347955 /* Release */,
			);
			defaultConfigurationIsVisible = 0;
			defaultConfigurationName = Release;
		};
		D03941EB218B047800347955 /* Build configuration list for PBXNativeTarget "StudyC++" */ = {
			isa = XCConfigurationList;
			buildConfigurations = (
				D03941EC218B047800347955 /* Debug */,
				D03941ED218B047800347955 /* Release */,
			);
			defaultConfigurationIsVisible = 0;
			defaultConfigurationName = Release;
		};
		D0551113219BBBF8009A68BF /* Build configuration list for PBXNativeTarget "MyLib" */ = {
			isa = XCConfigurationList;
			buildConfigurations = (
				D0551114219BBBF8009A68BF /* Debug */,
				D0551115219BBBF8009A68BF /* Release */,
			);
			defaultConfigurationIsVisible = 0;
			defaultConfigurationName = Release;
		};
		D0551125219BC2EF009A68BF /* Build configuration list for PBXNativeTarget "MyDylib" */ = {
			isa = XCConfigurationList;
			buildConfigurations = (
				D0551126219BC2EF009A68BF /* Debug */,
				D0551127219BC2EF009A68BF /* Release */,
			);
			defaultConfigurationIsVisible = 0;
			defaultConfigurationName = Release;
		};
/* End XCConfigurationList section */
	};
	rootObject = D03941DC218B047800347955 /* Project object */;
}
