// !$*UTF8*$!
{
	archiveVersion = 1;
	classes = {
	};
	objectVersion = 50;
	objects = {

/* Begin PBXBuildFile section */
		D249A770219804B200BC9089 /* ConfigFile.c in Sources */ = {isa = PBXBuildFile; fileRef = D249A76F219804B200BC9089 /* ConfigFile.c */; };
/* End PBXBuildFile section */

/* Begin PBXCopyFilesBuildPhase section */
		D03941E2218B047800347955 /* CopyFiles */ = {
			isa = PBXCopyFilesBuildPhase;
			buildActionMask = 2147483647;
			dstPath = /usr/share/man/man1/;
			dstSubfolderSpec = 0;
			files = (
			);
			runOnlyForDeploymentPostprocessing = 1;
		};
/* End PBXCopyFilesBuildPhase section */

/* Begin PBXFileReference section */
		D03941E4218B047800347955 /* StudyC++ */ = {isa = PBXFileReference; explicitFileType = "compiled.mach-o.executable"; includeInIndex = 0; path = "StudyC++"; sourceTree = BUILT_PRODUCTS_DIR; };
		D057D49321943ED800565B53 /* 09二级指针练习_文件读写.cpp */ = {isa = PBXFileReference; fileEncoding = 4; lastKnownFileType = sourcecode.cpp.cpp; path = "09二级指针练习_文件读写.cpp"; sourceTree = "<group>"; };
		D057D49421943ED800565B53 /* 08查找子字符串.cpp */ = {isa = PBXFileReference; fileEncoding = 4; lastKnownFileType = sourcecode.cpp.cpp; path = "08查找子字符串.cpp"; sourceTree = "<group>"; };
		D057D49521943ED800565B53 /* 01main1.cpp */ = {isa = PBXFileReference; fileEncoding = 4; lastKnownFileType = sourcecode.cpp.cpp; path = 01main1.cpp; sourceTree = "<group>"; };
		D057D49621943ED800565B53 /* 07二级指针做函数参数_输入特性.cpp */ = {isa = PBXFileReference; fileEncoding = 4; lastKnownFileType = sourcecode.cpp.cpp; path = "07二级指针做函数参数_输入特性.cpp"; sourceTree = "<group>"; };
		D057D49721943ED800565B53 /* test.txt */ = {isa = PBXFileReference; fileEncoding = 4; lastKnownFileType = text; path = test.txt; sourceTree = "<group>"; };
		D057D49821943ED800565B53 /* 02格式化字符串.cpp */ = {isa = PBXFileReference; fileEncoding = 4; lastKnownFileType = sourcecode.cpp.cpp; path = "02格式化字符串.cpp"; sourceTree = "<group>"; };
		D057D49921943ED800565B53 /* 03calloc&realloc.cpp */ = {isa = PBXFileReference; fileEncoding = 4; lastKnownFileType = sourcecode.cpp.cpp; path = "03calloc&realloc.cpp"; sourceTree = "<group>"; };
		D057D49A21943ED800565B53 /* 06二级指针做函数参数_输出特性.cpp */ = {isa = PBXFileReference; fileEncoding = 4; lastKnownFileType = sourcecode.cpp.cpp; path = "06二级指针做函数参数_输出特性.cpp"; sourceTree = "<group>"; };
		D057D49B21943ED800565B53 /* 04指针的步长.cpp */ = {isa = PBXFileReference; fileEncoding = 4; lastKnownFileType = sourcecode.cpp.cpp; path = "04指针的步长.cpp"; sourceTree = "<group>"; };
		D057D49C21943ED800565B53 /* 05Const的使用.cpp */ = {isa = PBXFileReference; fileEncoding = 4; lastKnownFileType = sourcecode.cpp.cpp; path = "05Const的使用.cpp"; sourceTree = "<group>"; };
		D057D4A621952D0600565B53 /* 11二维数组.cpp */ = {isa = PBXFileReference; lastKnownFileType = sourcecode.cpp.cpp; path = "11二维数组.cpp"; sourceTree = "<group>"; };
		D057D4A82195461000565B53 /* 12指针数组排序_选择排序.cpp */ = {isa = PBXFileReference; lastKnownFileType = sourcecode.cpp.cpp; path = "12指针数组排序_选择排序.cpp"; sourceTree = "<group>"; };
		D057D4AB2195574800565B53 /* 13结构体的基本概念.cpp */ = {isa = PBXFileReference; lastKnownFileType = sourcecode.cpp.cpp; path = "13结构体的基本概念.cpp"; sourceTree = "<group>"; };
		D057D4AD21957F2500565B53 /* 14结构体赋值.cpp */ = {isa = PBXFileReference; lastKnownFileType = sourcecode.cpp.cpp; path = "14结构体赋值.cpp"; sourceTree = "<group>"; };
		D05E959E2195902A00FA03B2 /* 15结构体嵌套一级指针.cpp */ = {isa = PBXFileReference; lastKnownFileType = sourcecode.cpp.cpp; path = "15结构体嵌套一级指针.cpp"; sourceTree = "<group>"; };
		D0628EF6219948F700E60EC3 /* 19config.ini */ = {isa = PBXFileReference; lastKnownFileType = text; path = 19config.ini; sourceTree = "<group>"; };
		D205A93B2194926700DDB02B /* 10一维数组.cpp */ = {isa = PBXFileReference; lastKnownFileType = sourcecode.cpp.cpp; path = "10一维数组.cpp"; sourceTree = "<group>"; };
		D205A93D2196CA2000DDB02B /* 16结构体嵌套二级指针.cpp */ = {isa = PBXFileReference; lastKnownFileType = sourcecode.cpp.cpp; path = "16结构体嵌套二级指针.cpp"; sourceTree = "<group>"; };
		D249A7692197B8E000BC9089 /* 17结构体偏移量.cpp */ = {isa = PBXFileReference; lastKnownFileType = sourcecode.cpp.cpp; path = "17结构体偏移量.cpp"; sourceTree = "<group>"; };
		D249A76B2197FAA800BC9089 /* 18文件操作复习.cpp */ = {isa = PBXFileReference; lastKnownFileType = sourcecode.cpp.cpp; path = "18文件操作复习.cpp"; sourceTree = "<group>"; };
		D249A76D2197FADF00BC9089 /* 18text.txt */ = {isa = PBXFileReference; lastKnownFileType = text; path = 18text.txt; sourceTree = "<group>"; };
		D249A76E2198013200BC9089 /* ConfigFile.h */ = {isa = PBXFileReference; lastKnownFileType = sourcecode.c.h; path = ConfigFile.h; sourceTree = "<group>"; };
		D249A76F219804B200BC9089 /* ConfigFile.c */ = {isa = PBXFileReference; lastKnownFileType = sourcecode.c.c; path = ConfigFile.c; sourceTree = "<group>"; };
/* End PBXFileReference section */

/* Begin PBXFrameworksBuildPhase section */
		D03941E1218B047800347955 /* Frameworks */ = {
			isa = PBXFrameworksBuildPhase;
			buildActionMask = 2147483647;
			files = (
			);
			runOnlyForDeploymentPostprocessing = 0;
		};
/* End PBXFrameworksBuildPhase section */

/* Begin PBXGroup section */
		D03941DB218B047800347955 = {
			isa = PBXGroup;
			children = (
				D03941E6218B047800347955 /* StudyC++ */,
				D03941E5218B047800347955 /* Products */,
			);
			sourceTree = "<group>";
		};
		D03941E5218B047800347955 /* Products */ = {
			isa = PBXGroup;
			children = (
				D03941E4218B047800347955 /* StudyC++ */,
			);
			name = Products;
			sourceTree = "<group>";
		};
		D03941E6218B047800347955 /* StudyC++ */ = {
			isa = PBXGroup;
			children = (
				D057D49221943ED800565B53 /* C基础 */,
			);
			path = "StudyC++";
			sourceTree = "<group>";
		};
		D057D49221943ED800565B53 /* C基础 */ = {
			isa = PBXGroup;
			children = (
				D057D49321943ED800565B53 /* 09二级指针练习_文件读写.cpp */,
				D057D49421943ED800565B53 /* 08查找子字符串.cpp */,
				D057D49521943ED800565B53 /* 01main1.cpp */,
				D057D49621943ED800565B53 /* 07二级指针做函数参数_输入特性.cpp */,
				D057D49721943ED800565B53 /* test.txt */,
				D057D49821943ED800565B53 /* 02格式化字符串.cpp */,
				D057D49921943ED800565B53 /* 03calloc&realloc.cpp */,
				D057D49A21943ED800565B53 /* 06二级指针做函数参数_输出特性.cpp */,
				D057D49B21943ED800565B53 /* 04指针的步长.cpp */,
				D057D49C21943ED800565B53 /* 05Const的使用.cpp */,
				D205A93B2194926700DDB02B /* 10一维数组.cpp */,
				D057D4A621952D0600565B53 /* 11二维数组.cpp */,
				D057D4A82195461000565B53 /* 12指针数组排序_选择排序.cpp */,
				D057D4AB2195574800565B53 /* 13结构体的基本概念.cpp */,
				D057D4AD21957F2500565B53 /* 14结构体赋值.cpp */,
				D05E959E2195902A00FA03B2 /* 15结构体嵌套一级指针.cpp */,
				D205A93D2196CA2000DDB02B /* 16结构体嵌套二级指针.cpp */,
				D249A7692197B8E000BC9089 /* 17结构体偏移量.cpp */,
				D249A76B2197FAA800BC9089 /* 18文件操作复习.cpp */,
				D249A76D2197FADF00BC9089 /* 18text.txt */,
				D249A76E2198013200BC9089 /* ConfigFile.h */,
				D249A76F219804B200BC9089 /* ConfigFile.c */,
				D0628EF6219948F700E60EC3 /* 19config.ini */,
			);
			path = "C基础";
			sourceTree = "<group>";
		};
/* End PBXGroup section */

/* Begin PBXNativeTarget section */
		D03941E3218B047800347955 /* StudyC++ */ = {
			isa = PBXNativeTarget;
			buildConfigurationList = D03941EB218B047800347955 /* Build configuration list for PBXNativeTarget "StudyC++" */;
			buildPhases = (
				D03941E0218B047800347955 /* Sources */,
				D03941E1218B047800347955 /* Frameworks */,
				D03941E2218B047800347955 /* CopyFiles */,
			);
			buildRules = (
			);
			dependencies = (
			);
			name = "StudyC++";
			productName = "StudyC++";
			productReference = D03941E4218B047800347955 /* StudyC++ */;
			productType = "com.apple.product-type.tool";
		};
/* End PBXNativeTarget section */

/* Begin PBXProject section */
		D03941DC218B047800347955 /* Project object */ = {
			isa = PBXProject;
			attributes = {
				LastUpgradeCheck = 1010;
				ORGANIZATIONNAME = xiaoyuan;
				TargetAttributes = {
					D03941E3218B047800347955 = {
						CreatedOnToolsVersion = 10.1;
					};
				};
			};
			buildConfigurationList = D03941DF218B047800347955 /* Build configuration list for PBXProject "StudyC++" */;
			compatibilityVersion = "Xcode 9.3";
			developmentRegion = en;
			hasScannedForEncodings = 0;
			knownRegions = (
				en,
			);
			mainGroup = D03941DB218B047800347955;
			productRefGroup = D03941E5218B047800347955 /* Products */;
			projectDirPath = "";
			projectRoot = "";
			targets = (
				D03941E3218B047800347955 /* StudyC++ */,
			);
		};
/* End PBXProject section */

/* Begin PBXSourcesBuildPhase section */
		D03941E0218B047800347955 /* Sources */ = {
			isa = PBXSourcesBuildPhase;
			buildActionMask = 2147483647;
			files = (
				D249A770219804B200BC9089 /* ConfigFile.c in Sources */,
			);
			runOnlyForDeploymentPostprocessing = 0;
		};
/* End PBXSourcesBuildPhase section */

/* Begin XCBuildConfiguration section */
		D03941E9218B047800347955 /* Debug */ = {
			isa = XCBuildConfiguration;
			buildSettings = {
				ALWAYS_SEARCH_USER_PATHS = NO;
				CLANG_ANALYZER_NONNULL = YES;
				CLANG_ANALYZER_NUMBER_OBJECT_CONVERSION = YES_AGGRESSIVE;
				CLANG_CXX_LANGUAGE_STANDARD = "gnu++14";
				CLANG_CXX_LIBRARY = "libc++";
				CLANG_ENABLE_MODULES = YES;
				CLANG_ENABLE_OBJC_ARC = YES;
				CLANG_ENABLE_OBJC_WEAK = YES;
				CLANG_WARN_BLOCK_CAPTURE_AUTORELEASING = YES;
				CLANG_WARN_BOOL_CONVERSION = YES;
				CLANG_WARN_COMMA = YES;
				CLANG_WARN_CONSTANT_CONVERSION = YES;
				CLANG_WARN_DEPRECATED_OBJC_IMPLEMENTATIONS = YES;
				CLANG_WARN_DIRECT_OBJC_ISA_USAGE = YES_ERROR;
				CLANG_WARN_DOCUMENTATION_COMMENTS = YES;
				CLANG_WARN_EMPTY_BODY = YES;
				CLANG_WARN_ENUM_CONVERSION = YES;
				CLANG_WARN_INFINITE_RECURSION = YES;
				CLANG_WARN_INT_CONVERSION = YES;
				CLANG_WARN_NON_LITERAL_NULL_CONVERSION = YES;
				CLANG_WARN_OBJC_IMPLICIT_RETAIN_SELF = YES;
				CLANG_WARN_OBJC_LITERAL_CONVERSION = YES;
				CLANG_WARN_OBJC_ROOT_CLASS = YES_ERROR;
				CLANG_WARN_RANGE_LOOP_ANALYSIS = YES;
				CLANG_WARN_STRICT_PROTOTYPES = YES;
				CLANG_WARN_SUSPICIOUS_MOVE = YES;
				CLANG_WARN_UNGUARDED_AVAILABILITY = YES_AGGRESSIVE;
				CLANG_WARN_UNREACHABLE_CODE = YES;
				CLANG_WARN__DUPLICATE_METHOD_MATCH = YES;
				CODE_SIGN_IDENTITY = "Mac Developer";
				COPY_PHASE_STRIP = NO;
				DEBUG_INFORMATION_FORMAT = dwarf;
				ENABLE_STRICT_OBJC_MSGSEND = YES;
				ENABLE_TESTABILITY = YES;
				GCC_C_LANGUAGE_STANDARD = gnu11;
				GCC_DYNAMIC_NO_PIC = NO;
				GCC_NO_COMMON_BLOCKS = YES;
				GCC_OPTIMIZATION_LEVEL = 0;
				GCC_PREPROCESSOR_DEFINITIONS = (
					"DEBUG=1",
					"$(inherited)",
				);
				GCC_WARN_64_TO_32_BIT_CONVERSION = YES;
				GCC_WARN_ABOUT_RETURN_TYPE = YES_ERROR;
				GCC_WARN_UNDECLARED_SELECTOR = YES;
				GCC_WARN_UNINITIALIZED_AUTOS = YES_AGGRESSIVE;
				GCC_WARN_UNUSED_FUNCTION = YES;
				GCC_WARN_UNUSED_VARIABLE = YES;
				MACOSX_DEPLOYMENT_TARGET = 10.14;
				MTL_ENABLE_DEBUG_INFO = INCLUDE_SOURCE;
				MTL_FAST_MATH = YES;
				ONLY_ACTIVE_ARCH = YES;
				SDKROOT = macosx;
			};
			name = Debug;
		};
		D03941EA218B047800347955 /* Release */ = {
			isa = XCBuildConfiguration;
			buildSettings = {
				ALWAYS_SEARCH_USER_PATHS = NO;
				CLANG_ANALYZER_NONNULL = YES;
				CLANG_ANALYZER_NUMBER_OBJECT_CONVERSION = YES_AGGRESSIVE;
				CLANG_CXX_LANGUAGE_STANDARD = "gnu++14";
				CLANG_CXX_LIBRARY = "libc++";
				CLANG_ENABLE_MODULES = YES;
				CLANG_ENABLE_OBJC_ARC = YES;
				CLANG_ENABLE_OBJC_WEAK = YES;
				CLANG_WARN_BLOCK_CAPTURE_AUTORELEASING = YES;
				CLANG_WARN_BOOL_CONVERSION = YES;
				CLANG_WARN_COMMA = YES;
				CLANG_WARN_CONSTANT_CONVERSION = YES;
				CLANG_WARN_DEPRECATED_OBJC_IMPLEMENTATIONS = YES;
				CLANG_WARN_DIRECT_OBJC_ISA_USAGE = YES_ERROR;
				CLANG_WARN_DOCUMENTATION_COMMENTS = YES;
				CLANG_WARN_EMPTY_BODY = YES;
				CLANG_WARN_ENUM_CONVERSION = YES;
				CLANG_WARN_INFINITE_RECURSION = YES;
				CLANG_WARN_INT_CONVERSION = YES;
				CLANG_WARN_NON_LITERAL_NULL_CONVERSION = YES;
				CLANG_WARN_OBJC_IMPLICIT_RETAIN_SELF = YES;
				CLANG_WARN_OBJC_LITERAL_CONVERSION = YES;
				CLANG_WARN_OBJC_ROOT_CLASS = YES_ERROR;
				CLANG_WARN_RANGE_LOOP_ANALYSIS = YES;
				CLANG_WARN_STRICT_PROTOTYPES = YES;
				CLANG_WARN_SUSPICIOUS_MOVE = YES;
				CLANG_WARN_UNGUARDED_AVAILABILITY = YES_AGGRESSIVE;
				CLANG_WARN_UNREACHABLE_CODE = YES;
				CLANG_WARN__DUPLICATE_METHOD_MATCH = YES;
				CODE_SIGN_IDENTITY = "Mac Developer";
				COPY_PHASE_STRIP = NO;
				DEBUG_INFORMATION_FORMAT = "dwarf-with-dsym";
				ENABLE_NS_ASSERTIONS = NO;
				ENABLE_STRICT_OBJC_MSGSEND = YES;
				GCC_C_LANGUAGE_STANDARD = gnu11;
				GCC_NO_COMMON_BLOCKS = YES;
				GCC_WARN_64_TO_32_BIT_CONVERSION = YES;
				GCC_WARN_ABOUT_RETURN_TYPE = YES_ERROR;
				GCC_WARN_UNDECLARED_SELECTOR = YES;
				GCC_WARN_UNINITIALIZED_AUTOS = YES_AGGRESSIVE;
				GCC_WARN_UNUSED_FUNCTION = YES;
				GCC_WARN_UNUSED_VARIABLE = YES;
				MACOSX_DEPLOYMENT_TARGET = 10.14;
				MTL_ENABLE_DEBUG_INFO = NO;
				MTL_FAST_MATH = YES;
				SDKROOT = macosx;
			};
			name = Release;
		};
		D03941EC218B047800347955 /* Debug */ = {
			isa = XCBuildConfiguration;
			buildSettings = {
				CODE_SIGN_STYLE = Automatic;
				DEVELOPMENT_TEAM = NKW67GFDHM;
				PRODUCT_NAME = "$(TARGET_NAME)";
			};
			name = Debug;
		};
		D03941ED218B047800347955 /* Release */ = {
			isa = XCBuildConfiguration;
			buildSettings = {
				CODE_SIGN_STYLE = Automatic;
				DEVELOPMENT_TEAM = NKW67GFDHM;
				PRODUCT_NAME = "$(TARGET_NAME)";
			};
			name = Release;
		};
/* End XCBuildConfiguration section */

/* Begin XCConfigurationList section */
		D03941DF218B047800347955 /* Build configuration list for PBXProject "StudyC++" */ = {
			isa = XCConfigurationList;
			buildConfigurations = (
				D03941E9218B047800347955 /* Debug */,
				D03941EA218B047800347955 /* Release */,
			);
			defaultConfigurationIsVisible = 0;
			defaultConfigurationName = Release;
		};
		D03941EB218B047800347955 /* Build configuration list for PBXNativeTarget "StudyC++" */ = {
			isa = XCConfigurationList;
			buildConfigurations = (
				D03941EC218B047800347955 /* Debug */,
				D03941ED218B047800347955 /* Release */,
			);
			defaultConfigurationIsVisible = 0;
			defaultConfigurationName = Release;
		};
/* End XCConfigurationList section */
	};
	rootObject = D03941DC218B047800347955 /* Project object */;
}
