// !$*UTF8*$!
{
	archiveVersion = 1;
	classes = {
	};
	objectVersion = 50;
	objects = {

/* Begin PBXBuildFile section */
		D0ED0FCA21B13D6B00F1F655 /* 10常用集合算法.cpp in Sources */ = {isa = PBXBuildFile; fileRef = D0ED0FC921B13D6B00F1F655 /* 10常用集合算法.cpp */; };
/* End PBXBuildFile section */

/* Begin PBXCopyFilesBuildPhase section */
		D062281621AE68E3002157AE /* CopyFiles */ = {
			isa = PBXCopyFilesBuildPhase;
			buildActionMask = 2147483647;
			dstPath = /usr/share/man/man1/;
			dstSubfolderSpec = 0;
			files = (
			);
			runOnlyForDeploymentPostprocessing = 1;
		};
/* End PBXCopyFilesBuildPhase section */

/* Begin PBXFileReference section */
		D062281821AE68E3002157AE /* 03 */ = {isa = PBXFileReference; explicitFileType = "compiled.mach-o.executable"; includeInIndex = 0; path = 03; sourceTree = BUILT_PRODUCTS_DIR; };
		D062282221AE694E002157AE /* 01函数对象的基本使用.cpp */ = {isa = PBXFileReference; lastKnownFileType = sourcecode.cpp.cpp; path = "01函数对象的基本使用.cpp"; sourceTree = "<group>"; };
		D062282421AE6C02002157AE /* 02谓词.cpp */ = {isa = PBXFileReference; lastKnownFileType = sourcecode.cpp.cpp; path = "02谓词.cpp"; sourceTree = "<group>"; };
		D0ED0FBB21B0CFF000F1F655 /* 03内建函数对象.cpp */ = {isa = PBXFileReference; lastKnownFileType = sourcecode.cpp.cpp; path = "03内建函数对象.cpp"; sourceTree = "<group>"; };
		D0ED0FBD21B0D7B800F1F655 /* 04适配器.cpp */ = {isa = PBXFileReference; lastKnownFileType = sourcecode.cpp.cpp; path = "04适配器.cpp"; sourceTree = "<group>"; };
		D0ED0FBF21B0FA7000F1F655 /* 05常用遍历算法.cpp */ = {isa = PBXFileReference; lastKnownFileType = sourcecode.cpp.cpp; path = "05常用遍历算法.cpp"; sourceTree = "<group>"; };
		D0ED0FC121B1130C00F1F655 /* 06常用查找算法.cpp */ = {isa = PBXFileReference; lastKnownFileType = sourcecode.cpp.cpp; path = "06常用查找算法.cpp"; sourceTree = "<group>"; };
		D0ED0FC321B12BEE00F1F655 /* 07常用排序算法.cpp */ = {isa = PBXFileReference; lastKnownFileType = sourcecode.cpp.cpp; path = "07常用排序算法.cpp"; sourceTree = "<group>"; };
		D0ED0FC521B12FFE00F1F655 /* 08常用拷贝和替换算法.cpp */ = {isa = PBXFileReference; lastKnownFileType = sourcecode.cpp.cpp; path = "08常用拷贝和替换算法.cpp"; sourceTree = "<group>"; };
		D0ED0FC721B13BA100F1F655 /* 09常用算数生成算法.cpp */ = {isa = PBXFileReference; lastKnownFileType = sourcecode.cpp.cpp; path = "09常用算数生成算法.cpp"; sourceTree = "<group>"; };
		D0ED0FC921B13D6B00F1F655 /* 10常用集合算法.cpp */ = {isa = PBXFileReference; lastKnownFileType = sourcecode.cpp.cpp; path = "10常用集合算法.cpp"; sourceTree = "<group>"; };
/* End PBXFileReference section */

/* Begin PBXFrameworksBuildPhase section */
		D062281521AE68E3002157AE /* Frameworks */ = {
			isa = PBXFrameworksBuildPhase;
			buildActionMask = 2147483647;
			files = (
			);
			runOnlyForDeploymentPostprocessing = 0;
		};
/* End PBXFrameworksBuildPhase section */

/* Begin PBXGroup section */
		D062280F21AE68E3002157AE = {
			isa = PBXGroup;
			children = (
				D062281A21AE68E3002157AE /* 03 */,
				D062281921AE68E3002157AE /* Products */,
			);
			sourceTree = "<group>";
		};
		D062281921AE68E3002157AE /* Products */ = {
			isa = PBXGroup;
			children = (
				D062281821AE68E3002157AE /* 03 */,
			);
			name = Products;
			sourceTree = "<group>";
		};
		D062281A21AE68E3002157AE /* 03 */ = {
			isa = PBXGroup;
			children = (
				D062282221AE694E002157AE /* 01函数对象的基本使用.cpp */,
				D062282421AE6C02002157AE /* 02谓词.cpp */,
				D0ED0FBB21B0CFF000F1F655 /* 03内建函数对象.cpp */,
				D0ED0FBD21B0D7B800F1F655 /* 04适配器.cpp */,
				D0ED0FBF21B0FA7000F1F655 /* 05常用遍历算法.cpp */,
				D0ED0FC121B1130C00F1F655 /* 06常用查找算法.cpp */,
				D0ED0FC321B12BEE00F1F655 /* 07常用排序算法.cpp */,
				D0ED0FC521B12FFE00F1F655 /* 08常用拷贝和替换算法.cpp */,
				D0ED0FC721B13BA100F1F655 /* 09常用算数生成算法.cpp */,
				D0ED0FC921B13D6B00F1F655 /* 10常用集合算法.cpp */,
			);
			path = 03;
			sourceTree = "<group>";
		};
/* End PBXGroup section */

/* Begin PBXNativeTarget section */
		D062281721AE68E3002157AE /* 03 */ = {
			isa = PBXNativeTarget;
			buildConfigurationList = D062281F21AE68E3002157AE /* Build configuration list for PBXNativeTarget "03" */;
			buildPhases = (
				D062281421AE68E3002157AE /* Sources */,
				D062281521AE68E3002157AE /* Frameworks */,
				D062281621AE68E3002157AE /* CopyFiles */,
			);
			buildRules = (
			);
			dependencies = (
			);
			name = 03;
			productName = 03;
			productReference = D062281821AE68E3002157AE /* 03 */;
			productType = "com.apple.product-type.tool";
		};
/* End PBXNativeTarget section */

/* Begin PBXProject section */
		D062281021AE68E3002157AE /* Project object */ = {
			isa = PBXProject;
			attributes = {
				LastUpgradeCheck = 1010;
				ORGANIZATIONNAME = xiaoyuan;
				TargetAttributes = {
					D062281721AE68E3002157AE = {
						CreatedOnToolsVersion = 10.1;
					};
				};
			};
			buildConfigurationList = D062281321AE68E3002157AE /* Build configuration list for PBXProject "03" */;
			compatibilityVersion = "Xcode 9.3";
			developmentRegion = en;
			hasScannedForEncodings = 0;
			knownRegions = (
				en,
			);
			mainGroup = D062280F21AE68E3002157AE;
			productRefGroup = D062281921AE68E3002157AE /* Products */;
			projectDirPath = "";
			projectRoot = "";
			targets = (
				D062281721AE68E3002157AE /* 03 */,
			);
		};
/* End PBXProject section */

/* Begin PBXSourcesBuildPhase section */
		D062281421AE68E3002157AE /* Sources */ = {
			isa = PBXSourcesBuildPhase;
			buildActionMask = 2147483647;
			files = (
				D0ED0FCA21B13D6B00F1F655 /* 10常用集合算法.cpp in Sources */,
			);
			runOnlyForDeploymentPostprocessing = 0;
		};
/* End PBXSourcesBuildPhase section */

/* Begin XCBuildConfiguration section */
		D062281D21AE68E3002157AE /* Debug */ = {
			isa = XCBuildConfiguration;
			buildSettings = {
				ALWAYS_SEARCH_USER_PATHS = NO;
				CLANG_ANALYZER_NONNULL = YES;
				CLANG_ANALYZER_NUMBER_OBJECT_CONVERSION = YES_AGGRESSIVE;
				CLANG_CXX_LANGUAGE_STANDARD = "gnu++14";
				CLANG_CXX_LIBRARY = "libc++";
				CLANG_ENABLE_MODULES = YES;
				CLANG_ENABLE_OBJC_ARC = YES;
				CLANG_ENABLE_OBJC_WEAK = YES;
				CLANG_WARN_BLOCK_CAPTURE_AUTORELEASING = YES;
				CLANG_WARN_BOOL_CONVERSION = YES;
				CLANG_WARN_COMMA = YES;
				CLANG_WARN_CONSTANT_CONVERSION = YES;
				CLANG_WARN_DEPRECATED_OBJC_IMPLEMENTATIONS = YES;
				CLANG_WARN_DIRECT_OBJC_ISA_USAGE = YES_ERROR;
				CLANG_WARN_DOCUMENTATION_COMMENTS = YES;
				CLANG_WARN_EMPTY_BODY = YES;
				CLANG_WARN_ENUM_CONVERSION = YES;
				CLANG_WARN_INFINITE_RECURSION = YES;
				CLANG_WARN_INT_CONVERSION = YES;
				CLANG_WARN_NON_LITERAL_NULL_CONVERSION = YES;
				CLANG_WARN_OBJC_IMPLICIT_RETAIN_SELF = YES;
				CLANG_WARN_OBJC_LITERAL_CONVERSION = YES;
				CLANG_WARN_OBJC_ROOT_CLASS = YES_ERROR;
				CLANG_WARN_RANGE_LOOP_ANALYSIS = YES;
				CLANG_WARN_STRICT_PROTOTYPES = YES;
				CLANG_WARN_SUSPICIOUS_MOVE = YES;
				CLANG_WARN_UNGUARDED_AVAILABILITY = YES_AGGRESSIVE;
				CLANG_WARN_UNREACHABLE_CODE = YES;
				CLANG_WARN__DUPLICATE_METHOD_MATCH = YES;
				CODE_SIGN_IDENTITY = "Mac Developer";
				COPY_PHASE_STRIP = NO;
				DEBUG_INFORMATION_FORMAT = dwarf;
				ENABLE_STRICT_OBJC_MSGSEND = YES;
				ENABLE_TESTABILITY = YES;
				GCC_C_LANGUAGE_STANDARD = gnu11;
				GCC_DYNAMIC_NO_PIC = NO;
				GCC_NO_COMMON_BLOCKS = YES;
				GCC_OPTIMIZATION_LEVEL = 0;
				GCC_PREPROCESSOR_DEFINITIONS = (
					"DEBUG=1",
					"$(inherited)",
				);
				GCC_WARN_64_TO_32_BIT_CONVERSION = YES;
				GCC_WARN_ABOUT_RETURN_TYPE = YES_ERROR;
				GCC_WARN_UNDECLARED_SELECTOR = YES;
				GCC_WARN_UNINITIALIZED_AUTOS = YES_AGGRESSIVE;
				GCC_WARN_UNUSED_FUNCTION = YES;
				GCC_WARN_UNUSED_VARIABLE = YES;
				MACOSX_DEPLOYMENT_TARGET = 10.14;
				MTL_ENABLE_DEBUG_INFO = INCLUDE_SOURCE;
				MTL_FAST_MATH = YES;
				ONLY_ACTIVE_ARCH = YES;
				SDKROOT = macosx;
			};
			name = Debug;
		};
		D062281E21AE68E3002157AE /* Release */ = {
			isa = XCBuildConfiguration;
			buildSettings = {
				ALWAYS_SEARCH_USER_PATHS = NO;
				CLANG_ANALYZER_NONNULL = YES;
				CLANG_ANALYZER_NUMBER_OBJECT_CONVERSION = YES_AGGRESSIVE;
				CLANG_CXX_LANGUAGE_STANDARD = "gnu++14";
				CLANG_CXX_LIBRARY = "libc++";
				CLANG_ENABLE_MODULES = YES;
				CLANG_ENABLE_OBJC_ARC = YES;
				CLANG_ENABLE_OBJC_WEAK = YES;
				CLANG_WARN_BLOCK_CAPTURE_AUTORELEASING = YES;
				CLANG_WARN_BOOL_CONVERSION = YES;
				CLANG_WARN_COMMA = YES;
				CLANG_WARN_CONSTANT_CONVERSION = YES;
				CLANG_WARN_DEPRECATED_OBJC_IMPLEMENTATIONS = YES;
				CLANG_WARN_DIRECT_OBJC_ISA_USAGE = YES_ERROR;
				CLANG_WARN_DOCUMENTATION_COMMENTS = YES;
				CLANG_WARN_EMPTY_BODY = YES;
				CLANG_WARN_ENUM_CONVERSION = YES;
				CLANG_WARN_INFINITE_RECURSION = YES;
				CLANG_WARN_INT_CONVERSION = YES;
				CLANG_WARN_NON_LITERAL_NULL_CONVERSION = YES;
				CLANG_WARN_OBJC_IMPLICIT_RETAIN_SELF = YES;
				CLANG_WARN_OBJC_LITERAL_CONVERSION = YES;
				CLANG_WARN_OBJC_ROOT_CLASS = YES_ERROR;
				CLANG_WARN_RANGE_LOOP_ANALYSIS = YES;
				CLANG_WARN_STRICT_PROTOTYPES = YES;
				CLANG_WARN_SUSPICIOUS_MOVE = YES;
				CLANG_WARN_UNGUARDED_AVAILABILITY = YES_AGGRESSIVE;
				CLANG_WARN_UNREACHABLE_CODE = YES;
				CLANG_WARN__DUPLICATE_METHOD_MATCH = YES;
				CODE_SIGN_IDENTITY = "Mac Developer";
				COPY_PHASE_STRIP = NO;
				DEBUG_INFORMATION_FORMAT = "dwarf-with-dsym";
				ENABLE_NS_ASSERTIONS = NO;
				ENABLE_STRICT_OBJC_MSGSEND = YES;
				GCC_C_LANGUAGE_STANDARD = gnu11;
				GCC_NO_COMMON_BLOCKS = YES;
				GCC_WARN_64_TO_32_BIT_CONVERSION = YES;
				GCC_WARN_ABOUT_RETURN_TYPE = YES_ERROR;
				GCC_WARN_UNDECLARED_SELECTOR = YES;
				GCC_WARN_UNINITIALIZED_AUTOS = YES_AGGRESSIVE;
				GCC_WARN_UNUSED_FUNCTION = YES;
				GCC_WARN_UNUSED_VARIABLE = YES;
				MACOSX_DEPLOYMENT_TARGET = 10.14;
				MTL_ENABLE_DEBUG_INFO = NO;
				MTL_FAST_MATH = YES;
				SDKROOT = macosx;
			};
			name = Release;
		};
		D062282021AE68E3002157AE /* Debug */ = {
			isa = XCBuildConfiguration;
			buildSettings = {
				CODE_SIGN_STYLE = Automatic;
				DEVELOPMENT_TEAM = NKW67GFDHM;
				PRODUCT_NAME = "$(TARGET_NAME)";
			};
			name = Debug;
		};
		D062282121AE68E3002157AE /* Release */ = {
			isa = XCBuildConfiguration;
			buildSettings = {
				CODE_SIGN_STYLE = Automatic;
				DEVELOPMENT_TEAM = NKW67GFDHM;
				PRODUCT_NAME = "$(TARGET_NAME)";
			};
			name = Release;
		};
/* End XCBuildConfiguration section */

/* Begin XCConfigurationList section */
		D062281321AE68E3002157AE /* Build configuration list for PBXProject "03" */ = {
			isa = XCConfigurationList;
			buildConfigurations = (
				D062281D21AE68E3002157AE /* Debug */,
				D062281E21AE68E3002157AE /* Release */,
			);
			defaultConfigurationIsVisible = 0;
			defaultConfigurationName = Release;
		};
		D062281F21AE68E3002157AE /* Build configuration list for PBXNativeTarget "03" */ = {
			isa = XCConfigurationList;
			buildConfigurations = (
				D062282021AE68E3002157AE /* Debug */,
				D062282121AE68E3002157AE /* Release */,
			);
			defaultConfigurationIsVisible = 0;
			defaultConfigurationName = Release;
		};
/* End XCConfigurationList section */
	};
	rootObject = D062281021AE68E3002157AE /* Project object */;
}
