// !$*UTF8*$!
{
	archiveVersion = 1;
	classes = {
	};
	objectVersion = 50;
	objects = {

/* Begin PBXBuildFile section */
		D0FCE2C521A551FA00994ECA /* 09成员函数做友元参数.cpp in Sources */ = {isa = PBXBuildFile; fileRef = D0FCE2C421A551FA00994ECA /* 09成员函数做友元参数.cpp */; };
/* End PBXBuildFile section */

/* Begin PBXCopyFilesBuildPhase section */
		D084A84821A3FD6E001BB497 /* CopyFiles */ = {
			isa = PBXCopyFilesBuildPhase;
			buildActionMask = 2147483647;
			dstPath = /usr/share/man/man1/;
			dstSubfolderSpec = 0;
			files = (
			);
			runOnlyForDeploymentPostprocessing = 1;
		};
/* End PBXCopyFilesBuildPhase section */

/* Begin PBXFileReference section */
		D05C4F5021A4E6A400911198 /* 02单例模式1.cpp */ = {isa = PBXFileReference; lastKnownFileType = sourcecode.cpp.cpp; path = "02单例模式1.cpp"; sourceTree = "<group>"; };
		D05C4F5221A4EAB100911198 /* 02单例模式-饿汉式.cpp */ = {isa = PBXFileReference; lastKnownFileType = sourcecode.cpp.cpp; path = "02单例模式-饿汉式.cpp"; sourceTree = "<group>"; };
		D05C4F5521A4ECEE00911198 /* 02单例模式-懒汉式.cpp */ = {isa = PBXFileReference; lastKnownFileType = sourcecode.cpp.cpp; path = "02单例模式-懒汉式.cpp"; sourceTree = "<group>"; };
		D05C4F5721A5017C00911198 /* 03c++ 类成员变量，成员函数的存储方式，以及this指针在c++中的作用.cpp */ = {isa = PBXFileReference; lastKnownFileType = sourcecode.cpp.cpp; path = "03c++ 类成员变量，成员函数的存储方式，以及this指针在c++中的作用.cpp"; sourceTree = "<group>"; };
		D05C4F5A21A5066200911198 /* 04this指针的理解.cpp */ = {isa = PBXFileReference; lastKnownFileType = sourcecode.cpp.cpp; path = "04this指针的理解.cpp"; sourceTree = "<group>"; };
		D05C4F5C21A5139100911198 /* 05空指针访问成员函数.cpp */ = {isa = PBXFileReference; lastKnownFileType = sourcecode.cpp.cpp; path = "05空指针访问成员函数.cpp"; sourceTree = "<group>"; };
		D05C4F5E21A51C5800911198 /* 06const修饰成员函数.cpp */ = {isa = PBXFileReference; lastKnownFileType = sourcecode.cpp.cpp; path = "06const修饰成员函数.cpp"; sourceTree = "<group>"; };
		D05C4F6021A5262400911198 /* 07全局函数做友元函数.cpp */ = {isa = PBXFileReference; lastKnownFileType = sourcecode.cpp.cpp; path = "07全局函数做友元函数.cpp"; sourceTree = "<group>"; };
		D05C4F6221A52D0000911198 /* 08友元类.cpp */ = {isa = PBXFileReference; lastKnownFileType = sourcecode.cpp.cpp; path = "08友元类.cpp"; sourceTree = "<group>"; };
		D084A84A21A3FD6E001BB497 /* 04 */ = {isa = PBXFileReference; explicitFileType = "compiled.mach-o.executable"; includeInIndex = 0; path = 04; sourceTree = BUILT_PRODUCTS_DIR; };
		D084A85421A3FDAE001BB497 /* 01静态成员变量和静态成员函数.cpp */ = {isa = PBXFileReference; lastKnownFileType = sourcecode.cpp.cpp; path = "01静态成员变量和静态成员函数.cpp"; sourceTree = "<group>"; };
		D0FCE2C421A551FA00994ECA /* 09成员函数做友元参数.cpp */ = {isa = PBXFileReference; lastKnownFileType = sourcecode.cpp.cpp; path = "09成员函数做友元参数.cpp"; sourceTree = "<group>"; };
/* End PBXFileReference section */

/* Begin PBXFrameworksBuildPhase section */
		D084A84721A3FD6E001BB497 /* Frameworks */ = {
			isa = PBXFrameworksBuildPhase;
			buildActionMask = 2147483647;
			files = (
			);
			runOnlyForDeploymentPostprocessing = 0;
		};
/* End PBXFrameworksBuildPhase section */

/* Begin PBXGroup section */
		D084A84121A3FD6E001BB497 = {
			isa = PBXGroup;
			children = (
				D084A84C21A3FD6E001BB497 /* 04 */,
				D084A84B21A3FD6E001BB497 /* Products */,
			);
			sourceTree = "<group>";
		};
		D084A84B21A3FD6E001BB497 /* Products */ = {
			isa = PBXGroup;
			children = (
				D084A84A21A3FD6E001BB497 /* 04 */,
			);
			name = Products;
			sourceTree = "<group>";
		};
		D084A84C21A3FD6E001BB497 /* 04 */ = {
			isa = PBXGroup;
			children = (
				D084A85421A3FDAE001BB497 /* 01静态成员变量和静态成员函数.cpp */,
				D05C4F5021A4E6A400911198 /* 02单例模式1.cpp */,
				D05C4F5221A4EAB100911198 /* 02单例模式-饿汉式.cpp */,
				D05C4F5521A4ECEE00911198 /* 02单例模式-懒汉式.cpp */,
				D05C4F5721A5017C00911198 /* 03c++ 类成员变量，成员函数的存储方式，以及this指针在c++中的作用.cpp */,
				D05C4F5A21A5066200911198 /* 04this指针的理解.cpp */,
				D05C4F5C21A5139100911198 /* 05空指针访问成员函数.cpp */,
				D05C4F5E21A51C5800911198 /* 06const修饰成员函数.cpp */,
				D05C4F6021A5262400911198 /* 07全局函数做友元函数.cpp */,
				D05C4F6221A52D0000911198 /* 08友元类.cpp */,
				D0FCE2C421A551FA00994ECA /* 09成员函数做友元参数.cpp */,
			);
			path = 04;
			sourceTree = "<group>";
		};
/* End PBXGroup section */

/* Begin PBXNativeTarget section */
		D084A84921A3FD6E001BB497 /* 04 */ = {
			isa = PBXNativeTarget;
			buildConfigurationList = D084A85121A3FD6E001BB497 /* Build configuration list for PBXNativeTarget "04" */;
			buildPhases = (
				D084A84621A3FD6E001BB497 /* Sources */,
				D084A84721A3FD6E001BB497 /* Frameworks */,
				D084A84821A3FD6E001BB497 /* CopyFiles */,
			);
			buildRules = (
			);
			dependencies = (
			);
			name = 04;
			productName = 04;
			productReference = D084A84A21A3FD6E001BB497 /* 04 */;
			productType = "com.apple.product-type.tool";
		};
/* End PBXNativeTarget section */

/* Begin PBXProject section */
		D084A84221A3FD6E001BB497 /* Project object */ = {
			isa = PBXProject;
			attributes = {
				LastUpgradeCheck = 1010;
				ORGANIZATIONNAME = xiaoyuan;
				TargetAttributes = {
					D084A84921A3FD6E001BB497 = {
						CreatedOnToolsVersion = 10.1;
					};
				};
			};
			buildConfigurationList = D084A84521A3FD6E001BB497 /* Build configuration list for PBXProject "04" */;
			compatibilityVersion = "Xcode 9.3";
			developmentRegion = en;
			hasScannedForEncodings = 0;
			knownRegions = (
				en,
			);
			mainGroup = D084A84121A3FD6E001BB497;
			productRefGroup = D084A84B21A3FD6E001BB497 /* Products */;
			projectDirPath = "";
			projectRoot = "";
			targets = (
				D084A84921A3FD6E001BB497 /* 04 */,
			);
		};
/* End PBXProject section */

/* Begin PBXSourcesBuildPhase section */
		D084A84621A3FD6E001BB497 /* Sources */ = {
			isa = PBXSourcesBuildPhase;
			buildActionMask = 2147483647;
			files = (
				D0FCE2C521A551FA00994ECA /* 09成员函数做友元参数.cpp in Sources */,
			);
			runOnlyForDeploymentPostprocessing = 0;
		};
/* End PBXSourcesBuildPhase section */

/* Begin XCBuildConfiguration section */
		D084A84F21A3FD6E001BB497 /* Debug */ = {
			isa = XCBuildConfiguration;
			buildSettings = {
				ALWAYS_SEARCH_USER_PATHS = NO;
				CLANG_ANALYZER_NONNULL = YES;
				CLANG_ANALYZER_NUMBER_OBJECT_CONVERSION = YES_AGGRESSIVE;
				CLANG_CXX_LANGUAGE_STANDARD = "gnu++14";
				CLANG_CXX_LIBRARY = "libc++";
				CLANG_ENABLE_MODULES = YES;
				CLANG_ENABLE_OBJC_ARC = YES;
				CLANG_ENABLE_OBJC_WEAK = YES;
				CLANG_WARN_BLOCK_CAPTURE_AUTORELEASING = YES;
				CLANG_WARN_BOOL_CONVERSION = YES;
				CLANG_WARN_COMMA = YES;
				CLANG_WARN_CONSTANT_CONVERSION = YES;
				CLANG_WARN_DEPRECATED_OBJC_IMPLEMENTATIONS = YES;
				CLANG_WARN_DIRECT_OBJC_ISA_USAGE = YES_ERROR;
				CLANG_WARN_DOCUMENTATION_COMMENTS = YES;
				CLANG_WARN_EMPTY_BODY = YES;
				CLANG_WARN_ENUM_CONVERSION = YES;
				CLANG_WARN_INFINITE_RECURSION = YES;
				CLANG_WARN_INT_CONVERSION = YES;
				CLANG_WARN_NON_LITERAL_NULL_CONVERSION = YES;
				CLANG_WARN_OBJC_IMPLICIT_RETAIN_SELF = YES;
				CLANG_WARN_OBJC_LITERAL_CONVERSION = YES;
				CLANG_WARN_OBJC_ROOT_CLASS = YES_ERROR;
				CLANG_WARN_RANGE_LOOP_ANALYSIS = YES;
				CLANG_WARN_STRICT_PROTOTYPES = YES;
				CLANG_WARN_SUSPICIOUS_MOVE = YES;
				CLANG_WARN_UNGUARDED_AVAILABILITY = YES_AGGRESSIVE;
				CLANG_WARN_UNREACHABLE_CODE = YES;
				CLANG_WARN__DUPLICATE_METHOD_MATCH = YES;
				CODE_SIGN_IDENTITY = "Mac Developer";
				COPY_PHASE_STRIP = NO;
				DEBUG_INFORMATION_FORMAT = dwarf;
				ENABLE_STRICT_OBJC_MSGSEND = YES;
				ENABLE_TESTABILITY = YES;
				GCC_C_LANGUAGE_STANDARD = gnu11;
				GCC_DYNAMIC_NO_PIC = NO;
				GCC_NO_COMMON_BLOCKS = YES;
				GCC_OPTIMIZATION_LEVEL = 0;
				GCC_PREPROCESSOR_DEFINITIONS = (
					"DEBUG=1",
					"$(inherited)",
				);
				GCC_WARN_64_TO_32_BIT_CONVERSION = YES;
				GCC_WARN_ABOUT_RETURN_TYPE = YES_ERROR;
				GCC_WARN_UNDECLARED_SELECTOR = YES;
				GCC_WARN_UNINITIALIZED_AUTOS = YES_AGGRESSIVE;
				GCC_WARN_UNUSED_FUNCTION = YES;
				GCC_WARN_UNUSED_VARIABLE = YES;
				MACOSX_DEPLOYMENT_TARGET = 10.14;
				MTL_ENABLE_DEBUG_INFO = INCLUDE_SOURCE;
				MTL_FAST_MATH = YES;
				ONLY_ACTIVE_ARCH = YES;
				SDKROOT = macosx;
			};
			name = Debug;
		};
		D084A85021A3FD6E001BB497 /* Release */ = {
			isa = XCBuildConfiguration;
			buildSettings = {
				ALWAYS_SEARCH_USER_PATHS = NO;
				CLANG_ANALYZER_NONNULL = YES;
				CLANG_ANALYZER_NUMBER_OBJECT_CONVERSION = YES_AGGRESSIVE;
				CLANG_CXX_LANGUAGE_STANDARD = "gnu++14";
				CLANG_CXX_LIBRARY = "libc++";
				CLANG_ENABLE_MODULES = YES;
				CLANG_ENABLE_OBJC_ARC = YES;
				CLANG_ENABLE_OBJC_WEAK = YES;
				CLANG_WARN_BLOCK_CAPTURE_AUTORELEASING = YES;
				CLANG_WARN_BOOL_CONVERSION = YES;
				CLANG_WARN_COMMA = YES;
				CLANG_WARN_CONSTANT_CONVERSION = YES;
				CLANG_WARN_DEPRECATED_OBJC_IMPLEMENTATIONS = YES;
				CLANG_WARN_DIRECT_OBJC_ISA_USAGE = YES_ERROR;
				CLANG_WARN_DOCUMENTATION_COMMENTS = YES;
				CLANG_WARN_EMPTY_BODY = YES;
				CLANG_WARN_ENUM_CONVERSION = YES;
				CLANG_WARN_INFINITE_RECURSION = YES;
				CLANG_WARN_INT_CONVERSION = YES;
				CLANG_WARN_NON_LITERAL_NULL_CONVERSION = YES;
				CLANG_WARN_OBJC_IMPLICIT_RETAIN_SELF = YES;
				CLANG_WARN_OBJC_LITERAL_CONVERSION = YES;
				CLANG_WARN_OBJC_ROOT_CLASS = YES_ERROR;
				CLANG_WARN_RANGE_LOOP_ANALYSIS = YES;
				CLANG_WARN_STRICT_PROTOTYPES = YES;
				CLANG_WARN_SUSPICIOUS_MOVE = YES;
				CLANG_WARN_UNGUARDED_AVAILABILITY = YES_AGGRESSIVE;
				CLANG_WARN_UNREACHABLE_CODE = YES;
				CLANG_WARN__DUPLICATE_METHOD_MATCH = YES;
				CODE_SIGN_IDENTITY = "Mac Developer";
				COPY_PHASE_STRIP = NO;
				DEBUG_INFORMATION_FORMAT = "dwarf-with-dsym";
				ENABLE_NS_ASSERTIONS = NO;
				ENABLE_STRICT_OBJC_MSGSEND = YES;
				GCC_C_LANGUAGE_STANDARD = gnu11;
				GCC_NO_COMMON_BLOCKS = YES;
				GCC_WARN_64_TO_32_BIT_CONVERSION = YES;
				GCC_WARN_ABOUT_RETURN_TYPE = YES_ERROR;
				GCC_WARN_UNDECLARED_SELECTOR = YES;
				GCC_WARN_UNINITIALIZED_AUTOS = YES_AGGRESSIVE;
				GCC_WARN_UNUSED_FUNCTION = YES;
				GCC_WARN_UNUSED_VARIABLE = YES;
				MACOSX_DEPLOYMENT_TARGET = 10.14;
				MTL_ENABLE_DEBUG_INFO = NO;
				MTL_FAST_MATH = YES;
				SDKROOT = macosx;
			};
			name = Release;
		};
		D084A85221A3FD6E001BB497 /* Debug */ = {
			isa = XCBuildConfiguration;
			buildSettings = {
				CODE_SIGN_STYLE = Automatic;
				DEVELOPMENT_TEAM = NKW67GFDHM;
				PRODUCT_NAME = "$(TARGET_NAME)";
			};
			name = Debug;
		};
		D084A85321A3FD6E001BB497 /* Release */ = {
			isa = XCBuildConfiguration;
			buildSettings = {
				CODE_SIGN_STYLE = Automatic;
				DEVELOPMENT_TEAM = NKW67GFDHM;
				PRODUCT_NAME = "$(TARGET_NAME)";
			};
			name = Release;
		};
/* End XCBuildConfiguration section */

/* Begin XCConfigurationList section */
		D084A84521A3FD6E001BB497 /* Build configuration list for PBXProject "04" */ = {
			isa = XCConfigurationList;
			buildConfigurations = (
				D084A84F21A3FD6E001BB497 /* Debug */,
				D084A85021A3FD6E001BB497 /* Release */,
			);
			defaultConfigurationIsVisible = 0;
			defaultConfigurationName = Release;
		};
		D084A85121A3FD6E001BB497 /* Build configuration list for PBXNativeTarget "04" */ = {
			isa = XCConfigurationList;
			buildConfigurations = (
				D084A85221A3FD6E001BB497 /* Debug */,
				D084A85321A3FD6E001BB497 /* Release */,
			);
			defaultConfigurationIsVisible = 0;
			defaultConfigurationName = Release;
		};
/* End XCConfigurationList section */
	};
	rootObject = D084A84221A3FD6E001BB497 /* Project object */;
}
