// !$*UTF8*$!
{
	archiveVersion = 1;
	classes = {
	};
	objectVersion = 50;
	objects = {

/* Begin PBXBuildFile section */
		D269C50622E47520005650D4 /* main.m in Sources */ = {isa = PBXBuildFile; fileRef = D269C50522E47520005650D4 /* main.m */; };
		D269C50E22E47537005650D4 /* char_reverse.c in Sources */ = {isa = PBXBuildFile; fileRef = D269C50D22E47537005650D4 /* char_reverse.c */; };
		D269C51122E4A121005650D4 /* linkedlist_reverse.c in Sources */ = {isa = PBXBuildFile; fileRef = D269C51022E4A121005650D4 /* linkedlist_reverse.c */; };
		D269C51422E4AE3B005650D4 /* merge_sorted_list.c in Sources */ = {isa = PBXBuildFile; fileRef = D269C51322E4AE3B005650D4 /* merge_sorted_list.c */; };
		D2864E2722E5FCA40055DF5F /* hash_find.c in Sources */ = {isa = PBXBuildFile; fileRef = D2864E2622E5FCA40055DF5F /* hash_find.c */; };
/* End PBXBuildFile section */

/* Begin PBXCopyFilesBuildPhase section */
		D269C50022E47520005650D4 /* CopyFiles */ = {
			isa = PBXCopyFilesBuildPhase;
			buildActionMask = 2147483647;
			dstPath = /usr/share/man/man1/;
			dstSubfolderSpec = 0;
			files = (
			);
			runOnlyForDeploymentPostprocessing = 1;
		};
/* End PBXCopyFilesBuildPhase section */

/* Begin PBXFileReference section */
		D22D61EE22E4BC87008D2460 /* README.md */ = {isa = PBXFileReference; lastKnownFileType = net.daringfireball.markdown; name = README.md; path = "../../../../../../System/Volumes/Data/Users/swae/Documents/Github/StudyC-/LearningAlgorithm/README.md"; sourceTree = "<group>"; };
		D269C50222E47520005650D4 /* LearningAlgorithm */ = {isa = PBXFileReference; explicitFileType = "compiled.mach-o.executable"; includeInIndex = 0; path = LearningAlgorithm; sourceTree = BUILT_PRODUCTS_DIR; };
		D269C50522E47520005650D4 /* main.m */ = {isa = PBXFileReference; lastKnownFileType = sourcecode.c.objc; path = main.m; sourceTree = "<group>"; };
		D269C50C22E47537005650D4 /* char_reverse.h */ = {isa = PBXFileReference; lastKnownFileType = sourcecode.c.h; path = char_reverse.h; sourceTree = "<group>"; };
		D269C50D22E47537005650D4 /* char_reverse.c */ = {isa = PBXFileReference; lastKnownFileType = sourcecode.c.c; path = char_reverse.c; sourceTree = "<group>"; };
		D269C50F22E4A121005650D4 /* linkedlist_reverse.h */ = {isa = PBXFileReference; lastKnownFileType = sourcecode.c.h; path = linkedlist_reverse.h; sourceTree = "<group>"; };
		D269C51022E4A121005650D4 /* linkedlist_reverse.c */ = {isa = PBXFileReference; lastKnownFileType = sourcecode.c.c; path = linkedlist_reverse.c; sourceTree = "<group>"; };
		D269C51222E4AE3B005650D4 /* merge_sorted_list.h */ = {isa = PBXFileReference; lastKnownFileType = sourcecode.c.h; path = merge_sorted_list.h; sourceTree = "<group>"; };
		D269C51322E4AE3B005650D4 /* merge_sorted_list.c */ = {isa = PBXFileReference; lastKnownFileType = sourcecode.c.c; path = merge_sorted_list.c; sourceTree = "<group>"; };
		D2864E2522E5FCA40055DF5F /* hash_find.h */ = {isa = PBXFileReference; lastKnownFileType = sourcecode.c.h; path = hash_find.h; sourceTree = "<group>"; };
		D2864E2622E5FCA40055DF5F /* hash_find.c */ = {isa = PBXFileReference; lastKnownFileType = sourcecode.c.c; path = hash_find.c; sourceTree = "<group>"; };
/* End PBXFileReference section */

/* Begin PBXFrameworksBuildPhase section */
		D269C4FF22E47520005650D4 /* Frameworks */ = {
			isa = PBXFrameworksBuildPhase;
			buildActionMask = 2147483647;
			files = (
			);
			runOnlyForDeploymentPostprocessing = 0;
		};
/* End PBXFrameworksBuildPhase section */

/* Begin PBXGroup section */
		D269C4F922E47520005650D4 = {
			isa = PBXGroup;
			children = (
				D22D61EE22E4BC87008D2460 /* README.md */,
				D269C50422E47520005650D4 /* LearningAlgorithm */,
				D269C50322E47520005650D4 /* Products */,
			);
			sourceTree = "<group>";
		};
		D269C50322E47520005650D4 /* Products */ = {
			isa = PBXGroup;
			children = (
				D269C50222E47520005650D4 /* LearningAlgorithm */,
			);
			name = Products;
			sourceTree = "<group>";
		};
		D269C50422E47520005650D4 /* LearningAlgorithm */ = {
			isa = PBXGroup;
			children = (
				D269C50522E47520005650D4 /* main.m */,
				D269C50C22E47537005650D4 /* char_reverse.h */,
				D269C50D22E47537005650D4 /* char_reverse.c */,
				D269C50F22E4A121005650D4 /* linkedlist_reverse.h */,
				D269C51022E4A121005650D4 /* linkedlist_reverse.c */,
				D269C51222E4AE3B005650D4 /* merge_sorted_list.h */,
				D269C51322E4AE3B005650D4 /* merge_sorted_list.c */,
				D2864E2522E5FCA40055DF5F /* hash_find.h */,
				D2864E2622E5FCA40055DF5F /* hash_find.c */,
			);
			path = LearningAlgorithm;
			sourceTree = "<group>";
		};
/* End PBXGroup section */

/* Begin PBXNativeTarget section */
		D269C50122E47520005650D4 /* LearningAlgorithm */ = {
			isa = PBXNativeTarget;
			buildConfigurationList = D269C50922E47520005650D4 /* Build configuration list for PBXNativeTarget "LearningAlgorithm" */;
			buildPhases = (
				D269C4FE22E47520005650D4 /* Sources */,
				D269C4FF22E47520005650D4 /* Frameworks */,
				D269C50022E47520005650D4 /* CopyFiles */,
			);
			buildRules = (
			);
			dependencies = (
			);
			name = LearningAlgorithm;
			productName = LearningAlgorithm;
			productReference = D269C50222E47520005650D4 /* LearningAlgorithm */;
			productType = "com.apple.product-type.tool";
		};
/* End PBXNativeTarget section */

/* Begin PBXProject section */
		D269C4FA22E47520005650D4 /* Project object */ = {
			isa = PBXProject;
			attributes = {
				LastUpgradeCheck = 1100;
				ORGANIZATIONNAME = xiaoyuan;
				TargetAttributes = {
					D269C50122E47520005650D4 = {
						CreatedOnToolsVersion = 11.0;
					};
				};
			};
			buildConfigurationList = D269C4FD22E47520005650D4 /* Build configuration list for PBXProject "LearningAlgorithm" */;
			compatibilityVersion = "Xcode 9.3";
			developmentRegion = en;
			hasScannedForEncodings = 0;
			knownRegions = (
				en,
				Base,
			);
			mainGroup = D269C4F922E47520005650D4;
			productRefGroup = D269C50322E47520005650D4 /* Products */;
			projectDirPath = "";
			projectRoot = "";
			targets = (
				D269C50122E47520005650D4 /* LearningAlgorithm */,
			);
		};
/* End PBXProject section */

/* Begin PBXSourcesBuildPhase section */
		D269C4FE22E47520005650D4 /* Sources */ = {
			isa = PBXSourcesBuildPhase;
			buildActionMask = 2147483647;
			files = (
				D269C51122E4A121005650D4 /* linkedlist_reverse.c in Sources */,
				D269C50E22E47537005650D4 /* char_reverse.c in Sources */,
				D269C50622E47520005650D4 /* main.m in Sources */,
				D2864E2722E5FCA40055DF5F /* hash_find.c in Sources */,
				D269C51422E4AE3B005650D4 /* merge_sorted_list.c in Sources */,
			);
			runOnlyForDeploymentPostprocessing = 0;
		};
/* End PBXSourcesBuildPhase section */

/* Begin XCBuildConfiguration section */
		D269C50722E47520005650D4 /* Debug */ = {
			isa = XCBuildConfiguration;
			buildSettings = {
				ALWAYS_SEARCH_USER_PATHS = NO;
				CLANG_ANALYZER_NONNULL = YES;
				CLANG_ANALYZER_NUMBER_OBJECT_CONVERSION = YES_AGGRESSIVE;
				CLANG_CXX_LANGUAGE_STANDARD = "gnu++14";
				CLANG_CXX_LIBRARY = "libc++";
				CLANG_ENABLE_MODULES = YES;
				CLANG_ENABLE_OBJC_ARC = YES;
				CLANG_ENABLE_OBJC_WEAK = YES;
				CLANG_WARN_BLOCK_CAPTURE_AUTORELEASING = YES;
				CLANG_WARN_BOOL_CONVERSION = YES;
				CLANG_WARN_COMMA = YES;
				CLANG_WARN_CONSTANT_CONVERSION = YES;
				CLANG_WARN_DEPRECATED_OBJC_IMPLEMENTATIONS = YES;
				CLANG_WARN_DIRECT_OBJC_ISA_USAGE = YES_ERROR;
				CLANG_WARN_DOCUMENTATION_COMMENTS = YES;
				CLANG_WARN_EMPTY_BODY = YES;
				CLANG_WARN_ENUM_CONVERSION = YES;
				CLANG_WARN_INFINITE_RECURSION = YES;
				CLANG_WARN_INT_CONVERSION = YES;
				CLANG_WARN_NON_LITERAL_NULL_CONVERSION = YES;
				CLANG_WARN_OBJC_IMPLICIT_RETAIN_SELF = YES;
				CLANG_WARN_OBJC_LITERAL_CONVERSION = YES;
				CLANG_WARN_OBJC_ROOT_CLASS = YES_ERROR;
				CLANG_WARN_RANGE_LOOP_ANALYSIS = YES;
				CLANG_WARN_STRICT_PROTOTYPES = YES;
				CLANG_WARN_SUSPICIOUS_MOVE = YES;
				CLANG_WARN_UNGUARDED_AVAILABILITY = YES_AGGRESSIVE;
				CLANG_WARN_UNREACHABLE_CODE = YES;
				CLANG_WARN__DUPLICATE_METHOD_MATCH = YES;
				COPY_PHASE_STRIP = NO;
				DEBUG_INFORMATION_FORMAT = dwarf;
				ENABLE_STRICT_OBJC_MSGSEND = YES;
				ENABLE_TESTABILITY = YES;
				GCC_C_LANGUAGE_STANDARD = gnu11;
				GCC_DYNAMIC_NO_PIC = NO;
				GCC_NO_COMMON_BLOCKS = YES;
				GCC_OPTIMIZATION_LEVEL = 0;
				GCC_PREPROCESSOR_DEFINITIONS = (
					"DEBUG=1",
					"$(inherited)",
				);
				GCC_WARN_64_TO_32_BIT_CONVERSION = YES;
				GCC_WARN_ABOUT_RETURN_TYPE = YES_ERROR;
				GCC_WARN_UNDECLARED_SELECTOR = YES;
				GCC_WARN_UNINITIALIZED_AUTOS = YES_AGGRESSIVE;
				GCC_WARN_UNUSED_FUNCTION = YES;
				GCC_WARN_UNUSED_VARIABLE = YES;
				MACOSX_DEPLOYMENT_TARGET = 10.15;
				MTL_ENABLE_DEBUG_INFO = INCLUDE_SOURCE;
				MTL_FAST_MATH = YES;
				ONLY_ACTIVE_ARCH = YES;
				SDKROOT = macosx;
			};
			name = Debug;
		};
		D269C50822E47520005650D4 /* Release */ = {
			isa = XCBuildConfiguration;
			buildSettings = {
				ALWAYS_SEARCH_USER_PATHS = NO;
				CLANG_ANALYZER_NONNULL = YES;
				CLANG_ANALYZER_NUMBER_OBJECT_CONVERSION = YES_AGGRESSIVE;
				CLANG_CXX_LANGUAGE_STANDARD = "gnu++14";
				CLANG_CXX_LIBRARY = "libc++";
				CLANG_ENABLE_MODULES = YES;
				CLANG_ENABLE_OBJC_ARC = YES;
				CLANG_ENABLE_OBJC_WEAK = YES;
				CLANG_WARN_BLOCK_CAPTURE_AUTORELEASING = YES;
				CLANG_WARN_BOOL_CONVERSION = YES;
				CLANG_WARN_COMMA = YES;
				CLANG_WARN_CONSTANT_CONVERSION = YES;
				CLANG_WARN_DEPRECATED_OBJC_IMPLEMENTATIONS = YES;
				CLANG_WARN_DIRECT_OBJC_ISA_USAGE = YES_ERROR;
				CLANG_WARN_DOCUMENTATION_COMMENTS = YES;
				CLANG_WARN_EMPTY_BODY = YES;
				CLANG_WARN_ENUM_CONVERSION = YES;
				CLANG_WARN_INFINITE_RECURSION = YES;
				CLANG_WARN_INT_CONVERSION = YES;
				CLANG_WARN_NON_LITERAL_NULL_CONVERSION = YES;
				CLANG_WARN_OBJC_IMPLICIT_RETAIN_SELF = YES;
				CLANG_WARN_OBJC_LITERAL_CONVERSION = YES;
				CLANG_WARN_OBJC_ROOT_CLASS = YES_ERROR;
				CLANG_WARN_RANGE_LOOP_ANALYSIS = YES;
				CLANG_WARN_STRICT_PROTOTYPES = YES;
				CLANG_WARN_SUSPICIOUS_MOVE = YES;
				CLANG_WARN_UNGUARDED_AVAILABILITY = YES_AGGRESSIVE;
				CLANG_WARN_UNREACHABLE_CODE = YES;
				CLANG_WARN__DUPLICATE_METHOD_MATCH = YES;
				COPY_PHASE_STRIP = NO;
				DEBUG_INFORMATION_FORMAT = "dwarf-with-dsym";
				ENABLE_NS_ASSERTIONS = NO;
				ENABLE_STRICT_OBJC_MSGSEND = YES;
				GCC_C_LANGUAGE_STANDARD = gnu11;
				GCC_NO_COMMON_BLOCKS = YES;
				GCC_WARN_64_TO_32_BIT_CONVERSION = YES;
				GCC_WARN_ABOUT_RETURN_TYPE = YES_ERROR;
				GCC_WARN_UNDECLARED_SELECTOR = YES;
				GCC_WARN_UNINITIALIZED_AUTOS = YES_AGGRESSIVE;
				GCC_WARN_UNUSED_FUNCTION = YES;
				GCC_WARN_UNUSED_VARIABLE = YES;
				MACOSX_DEPLOYMENT_TARGET = 10.15;
				MTL_ENABLE_DEBUG_INFO = NO;
				MTL_FAST_MATH = YES;
				SDKROOT = macosx;
			};
			name = Release;
		};
		D269C50A22E47520005650D4 /* Debug */ = {
			isa = XCBuildConfiguration;
			buildSettings = {
				CODE_SIGN_STYLE = Automatic;
				DEVELOPMENT_TEAM = NKW67GFDHM;
				ENABLE_HARDENED_RUNTIME = YES;
				MACOSX_DEPLOYMENT_TARGET = 10.10;
				PRODUCT_NAME = "$(TARGET_NAME)";
			};
			name = Debug;
		};
		D269C50B22E47520005650D4 /* Release */ = {
			isa = XCBuildConfiguration;
			buildSettings = {
				CODE_SIGN_STYLE = Automatic;
				DEVELOPMENT_TEAM = NKW67GFDHM;
				ENABLE_HARDENED_RUNTIME = YES;
				MACOSX_DEPLOYMENT_TARGET = 10.10;
				PRODUCT_NAME = "$(TARGET_NAME)";
			};
			name = Release;
		};
/* End XCBuildConfiguration section */

/* Begin XCConfigurationList section */
		D269C4FD22E47520005650D4 /* Build configuration list for PBXProject "LearningAlgorithm" */ = {
			isa = XCConfigurationList;
			buildConfigurations = (
				D269C50722E47520005650D4 /* Debug */,
				D269C50822E47520005650D4 /* Release */,
			);
			defaultConfigurationIsVisible = 0;
			defaultConfigurationName = Release;
		};
		D269C50922E47520005650D4 /* Build configuration list for PBXNativeTarget "LearningAlgorithm" */ = {
			isa = XCConfigurationList;
			buildConfigurations = (
				D269C50A22E47520005650D4 /* Debug */,
				D269C50B22E47520005650D4 /* Release */,
			);
			defaultConfigurationIsVisible = 0;
			defaultConfigurationName = Release;
		};
/* End XCConfigurationList section */
	};
	rootObject = D269C4FA22E47520005650D4 /* Project object */;
}
